// !$*UTF8*$!
{
	archiveVersion = 1;
	classes = {
	};
	objectVersion = 46;
	objects = {

/* Begin PBXBuildFile section */
		B88131931D510EEE00021C4B /* AppDelegate.swift in Sources */ = {isa = PBXBuildFile; fileRef = B88131921D510EEE00021C4B /* AppDelegate.swift */; };
		B88131951D510EEE00021C4B /* ViewController.swift in Sources */ = {isa = PBXBuildFile; fileRef = B88131941D510EEE00021C4B /* ViewController.swift */; };
		B88131981D510EEE00021C4B /* Main.storyboard in Resources */ = {isa = PBXBuildFile; fileRef = B88131961D510EEE00021C4B /* Main.storyboard */; };
		B881319B1D510EEE00021C4B /* Blobjot.xcdatamodeld in Sources */ = {isa = PBXBuildFile; fileRef = B88131991D510EEE00021C4B /* Blobjot.xcdatamodeld */; };
		B881319D1D510EEE00021C4B /* Assets.xcassets in Resources */ = {isa = PBXBuildFile; fileRef = B881319C1D510EEE00021C4B /* Assets.xcassets */; };
		B88131A01D510EEE00021C4B /* LaunchScreen.storyboard in Resources */ = {isa = PBXBuildFile; fileRef = B881319E1D510EEE00021C4B /* LaunchScreen.storyboard */; };
		B88131AB1D510EEF00021C4B /* BlobjotTests.swift in Sources */ = {isa = PBXBuildFile; fileRef = B88131AA1D510EEF00021C4B /* BlobjotTests.swift */; };
		B88131B61D510EEF00021C4B /* BlobjotUITests.swift in Sources */ = {isa = PBXBuildFile; fileRef = B88131B51D510EEF00021C4B /* BlobjotUITests.swift */; };
/* End PBXBuildFile section */

/* Begin PBXContainerItemProxy section */
		B88131A71D510EEF00021C4B /* PBXContainerItemProxy */ = {
			isa = PBXContainerItemProxy;
			containerPortal = B88131871D510EEE00021C4B /* Project object */;
			proxyType = 1;
			remoteGlobalIDString = B881318E1D510EEE00021C4B;
			remoteInfo = Blobjot;
		};
		B88131B21D510EEF00021C4B /* PBXContainerItemProxy */ = {
			isa = PBXContainerItemProxy;
			containerPortal = B88131871D510EEE00021C4B /* Project object */;
			proxyType = 1;
			remoteGlobalIDString = B881318E1D510EEE00021C4B;
			remoteInfo = Blobjot;
		};
/* End PBXContainerItemProxy section */

/* Begin PBXFileReference section */
		B881318F1D510EEE00021C4B /* Blobjot.app */ = {isa = PBXFileReference; explicitFileType = wrapper.application; includeInIndex = 0; path = Blobjot.app; sourceTree = BUILT_PRODUCTS_DIR; };
		B88131921D510EEE00021C4B /* AppDelegate.swift */ = {isa = PBXFileReference; lastKnownFileType = sourcecode.swift; path = AppDelegate.swift; sourceTree = "<group>"; };
		B88131941D510EEE00021C4B /* ViewController.swift */ = {isa = PBXFileReference; lastKnownFileType = sourcecode.swift; path = ViewController.swift; sourceTree = "<group>"; };
		B88131971D510EEE00021C4B /* Base */ = {isa = PBXFileReference; lastKnownFileType = file.storyboard; name = Base; path = Base.lproj/Main.storyboard; sourceTree = "<group>"; };
		B881319A1D510EEE00021C4B /* Blobjot.xcdatamodel */ = {isa = PBXFileReference; lastKnownFileType = wrapper.xcdatamodel; path = Blobjot.xcdatamodel; sourceTree = "<group>"; };
		B881319C1D510EEE00021C4B /* Assets.xcassets */ = {isa = PBXFileReference; lastKnownFileType = folder.assetcatalog; path = Assets.xcassets; sourceTree = "<group>"; };
		B881319F1D510EEE00021C4B /* Base */ = {isa = PBXFileReference; lastKnownFileType = file.storyboard; name = Base; path = Base.lproj/LaunchScreen.storyboard; sourceTree = "<group>"; };
		B88131A11D510EEE00021C4B /* Info.plist */ = {isa = PBXFileReference; lastKnownFileType = text.plist.xml; path = Info.plist; sourceTree = "<group>"; };
		B88131A61D510EEF00021C4B /* BlobjotTests.xctest */ = {isa = PBXFileReference; explicitFileType = wrapper.cfbundle; includeInIndex = 0; path = BlobjotTests.xctest; sourceTree = BUILT_PRODUCTS_DIR; };
		B88131AA1D510EEF00021C4B /* BlobjotTests.swift */ = {isa = PBXFileReference; lastKnownFileType = sourcecode.swift; path = BlobjotTests.swift; sourceTree = "<group>"; };
		B88131AC1D510EEF00021C4B /* Info.plist */ = {isa = PBXFileReference; lastKnownFileType = text.plist.xml; path = Info.plist; sourceTree = "<group>"; };
		B88131B11D510EEF00021C4B /* BlobjotUITests.xctest */ = {isa = PBXFileReference; explicitFileType = wrapper.cfbundle; includeInIndex = 0; path = BlobjotUITests.xctest; sourceTree = BUILT_PRODUCTS_DIR; };
		B88131B51D510EEF00021C4B /* BlobjotUITests.swift */ = {isa = PBXFileReference; lastKnownFileType = sourcecode.swift; path = BlobjotUITests.swift; sourceTree = "<group>"; };
		B88131B71D510EEF00021C4B /* Info.plist */ = {isa = PBXFileReference; lastKnownFileType = text.plist.xml; path = Info.plist; sourceTree = "<group>"; };
/* End PBXFileReference section */

/* Begin PBXFrameworksBuildPhase section */
		B881318C1D510EEE00021C4B /* Frameworks */ = {
			isa = PBXFrameworksBuildPhase;
			buildActionMask = 2147483647;
			files = (
			);
			runOnlyForDeploymentPostprocessing = 0;
		};
		B88131A31D510EEF00021C4B /* Frameworks */ = {
			isa = PBXFrameworksBuildPhase;
			buildActionMask = 2147483647;
			files = (
			);
			runOnlyForDeploymentPostprocessing = 0;
		};
		B88131AE1D510EEF00021C4B /* Frameworks */ = {
			isa = PBXFrameworksBuildPhase;
			buildActionMask = 2147483647;
			files = (
			);
			runOnlyForDeploymentPostprocessing = 0;
		};
/* End PBXFrameworksBuildPhase section */

/* Begin PBXGroup section */
		B88131861D510EEE00021C4B = {
			isa = PBXGroup;
			children = (
				B88131911D510EEE00021C4B /* Blobjot */,
				B88131A91D510EEF00021C4B /* BlobjotTests */,
				B88131B41D510EEF00021C4B /* BlobjotUITests */,
				B88131901D510EEE00021C4B /* Products */,
			);
			sourceTree = "<group>";
		};
		B88131901D510EEE00021C4B /* Products */ = {
			isa = PBXGroup;
			children = (
				B881318F1D510EEE00021C4B /* Blobjot.app */,
				B88131A61D510EEF00021C4B /* BlobjotTests.xctest */,
				B88131B11D510EEF00021C4B /* BlobjotUITests.xctest */,
			);
			name = Products;
			sourceTree = "<group>";
		};
		B88131911D510EEE00021C4B /* Blobjot */ = {
			isa = PBXGroup;
			children = (
				B88131921D510EEE00021C4B /* AppDelegate.swift */,
				B88131941D510EEE00021C4B /* ViewController.swift */,
				B88131961D510EEE00021C4B /* Main.storyboard */,
				B881319C1D510EEE00021C4B /* Assets.xcassets */,
				B881319E1D510EEE00021C4B /* LaunchScreen.storyboard */,
				B88131A11D510EEE00021C4B /* Info.plist */,
				B88131991D510EEE00021C4B /* Blobjot.xcdatamodeld */,
			);
			path = Blobjot;
			sourceTree = "<group>";
		};
		B88131A91D510EEF00021C4B /* BlobjotTests */ = {
			isa = PBXGroup;
			children = (
				B88131AA1D510EEF00021C4B /* BlobjotTests.swift */,
				B88131AC1D510EEF00021C4B /* Info.plist */,
			);
			path = BlobjotTests;
			sourceTree = "<group>";
		};
		B88131B41D510EEF00021C4B /* BlobjotUITests */ = {
			isa = PBXGroup;
			children = (
				B88131B51D510EEF00021C4B /* BlobjotUITests.swift */,
				B88131B71D510EEF00021C4B /* Info.plist */,
			);
			path = BlobjotUITests;
			sourceTree = "<group>";
		};
/* End PBXGroup section */

/* Begin PBXNativeTarget section */
		B881318E1D510EEE00021C4B /* Blobjot */ = {
			isa = PBXNativeTarget;
			buildConfigurationList = B88131BA1D510EEF00021C4B /* Build configuration list for PBXNativeTarget "Blobjot" */;
			buildPhases = (
				B881318B1D510EEE00021C4B /* Sources */,
				B881318C1D510EEE00021C4B /* Frameworks */,
				B881318D1D510EEE00021C4B /* Resources */,
			);
			buildRules = (
			);
			dependencies = (
			);
			name = Blobjot;
			productName = Blobjot;
			productReference = B881318F1D510EEE00021C4B /* Blobjot.app */;
			productType = "com.apple.product-type.application";
		};
		B88131A51D510EEF00021C4B /* BlobjotTests */ = {
			isa = PBXNativeTarget;
			buildConfigurationList = B88131BD1D510EEF00021C4B /* Build configuration list for PBXNativeTarget "BlobjotTests" */;
			buildPhases = (
				B88131A21D510EEF00021C4B /* Sources */,
				B88131A31D510EEF00021C4B /* Frameworks */,
				B88131A41D510EEF00021C4B /* Resources */,
			);
			buildRules = (
			);
			dependencies = (
				B88131A81D510EEF00021C4B /* PBXTargetDependency */,
			);
			name = BlobjotTests;
			productName = BlobjotTests;
			productReference = B88131A61D510EEF00021C4B /* BlobjotTests.xctest */;
			productType = "com.apple.product-type.bundle.unit-test";
		};
		B88131B01D510EEF00021C4B /* BlobjotUITests */ = {
			isa = PBXNativeTarget;
			buildConfigurationList = B88131C01D510EEF00021C4B /* Build configuration list for PBXNativeTarget "BlobjotUITests" */;
			buildPhases = (
				B88131AD1D510EEF00021C4B /* Sources */,
				B88131AE1D510EEF00021C4B /* Frameworks */,
				B88131AF1D510EEF00021C4B /* Resources */,
			);
			buildRules = (
			);
			dependencies = (
				B88131B31D510EEF00021C4B /* PBXTargetDependency */,
			);
			name = BlobjotUITests;
			productName = BlobjotUITests;
			productReference = B88131B11D510EEF00021C4B /* BlobjotUITests.xctest */;
			productType = "com.apple.product-type.bundle.ui-testing";
		};
/* End PBXNativeTarget section */

/* Begin PBXProject section */
		B88131871D510EEE00021C4B /* Project object */ = {
			isa = PBXProject;
			attributes = {
				LastSwiftUpdateCheck = 0730;
				LastUpgradeCheck = 0730;
				ORGANIZATIONNAME = blobjot;
				TargetAttributes = {
					B881318E1D510EEE00021C4B = {
						CreatedOnToolsVersion = 7.3.1;
					};
					B88131A51D510EEF00021C4B = {
						CreatedOnToolsVersion = 7.3.1;
						TestTargetID = B881318E1D510EEE00021C4B;
					};
					B88131B01D510EEF00021C4B = {
						CreatedOnToolsVersion = 7.3.1;
						TestTargetID = B881318E1D510EEE00021C4B;
					};
				};
			};
			buildConfigurationList = B881318A1D510EEE00021C4B /* Build configuration list for PBXProject "Blobjot" */;
			compatibilityVersion = "Xcode 3.2";
			developmentRegion = English;
			hasScannedForEncodings = 0;
			knownRegions = (
				en,
				Base,
			);
			mainGroup = B88131861D510EEE00021C4B;
			productRefGroup = B88131901D510EEE00021C4B /* Products */;
			projectDirPath = "";
			projectRoot = "";
			targets = (
				B881318E1D510EEE00021C4B /* Blobjot */,
				B88131A51D510EEF00021C4B /* BlobjotTests */,
				B88131B01D510EEF00021C4B /* BlobjotUITests */,
			);
		};
/* End PBXProject section */

/* Begin PBXResourcesBuildPhase section */
		B881318D1D510EEE00021C4B /* Resources */ = {
			isa = PBXResourcesBuildPhase;
			buildActionMask = 2147483647;
			files = (
				B88131A01D510EEE00021C4B /* LaunchScreen.storyboard in Resources */,
				B881319D1D510EEE00021C4B /* Assets.xcassets in Resources */,
				B88131981D510EEE00021C4B /* Main.storyboard in Resources */,
			);
			runOnlyForDeploymentPostprocessing = 0;
		};
		B88131A41D510EEF00021C4B /* Resources */ = {
			isa = PBXResourcesBuildPhase;
			buildActionMask = 2147483647;
			files = (
			);
			runOnlyForDeploymentPostprocessing = 0;
		};
		B88131AF1D510EEF00021C4B /* Resources */ = {
			isa = PBXResourcesBuildPhase;
			buildActionMask = 2147483647;
			files = (
			);
			runOnlyForDeploymentPostprocessing = 0;
		};
/* End PBXResourcesBuildPhase section */

/* Begin PBXSourcesBuildPhase section */
		B881318B1D510EEE00021C4B /* Sources */ = {
			isa = PBXSourcesBuildPhase;
			buildActionMask = 2147483647;
			files = (
				B88131951D510EEE00021C4B /* ViewController.swift in Sources */,
				B881319B1D510EEE00021C4B /* Blobjot.xcdatamodeld in Sources */,
				B88131931D510EEE00021C4B /* AppDelegate.swift in Sources */,
			);
			runOnlyForDeploymentPostprocessing = 0;
		};
		B88131A21D510EEF00021C4B /* Sources */ = {
			isa = PBXSourcesBuildPhase;
			buildActionMask = 2147483647;
			files = (
				B88131AB1D510EEF00021C4B /* BlobjotTests.swift in Sources */,
			);
			runOnlyForDeploymentPostprocessing = 0;
		};
		B88131AD1D510EEF00021C4B /* Sources */ = {
			isa = PBXSourcesBuildPhase;
			buildActionMask = 2147483647;
			files = (
				B88131B61D510EEF00021C4B /* BlobjotUITests.swift in Sources */,
			);
			runOnlyForDeploymentPostprocessing = 0;
		};
/* End PBXSourcesBuildPhase section */

/* Begin PBXTargetDependency section */
		B88131A81D510EEF00021C4B /* PBXTargetDependency */ = {
			isa = PBXTargetDependency;
			target = B881318E1D510EEE00021C4B /* Blobjot */;
			targetProxy = B88131A71D510EEF00021C4B /* PBXContainerItemProxy */;
		};
		B88131B31D510EEF00021C4B /* PBXTargetDependency */ = {
			isa = PBXTargetDependency;
			target = B881318E1D510EEE00021C4B /* Blobjot */;
			targetProxy = B88131B21D510EEF00021C4B /* PBXContainerItemProxy */;
		};
/* End PBXTargetDependency section */

/* Begin PBXVariantGroup section */
		B88131961D510EEE00021C4B /* Main.storyboard */ = {
			isa = PBXVariantGroup;
			children = (
				B88131971D510EEE00021C4B /* Base */,
			);
			name = Main.storyboard;
			sourceTree = "<group>";
		};
		B881319E1D510EEE00021C4B /* LaunchScreen.storyboard */ = {
			isa = PBXVariantGroup;
			children = (
				B881319F1D510EEE00021C4B /* Base */,
			);
			name = LaunchScreen.storyboard;
			sourceTree = "<group>";
		};
/* End PBXVariantGroup section */

/* Begin XCBuildConfiguration section */
		B88131B81D510EEF00021C4B /* Debug */ = {
			isa = XCBuildConfiguration;
			buildSettings = {
				ALWAYS_SEARCH_USER_PATHS = NO;
				CLANG_ANALYZER_NONNULL = YES;
				CLANG_CXX_LANGUAGE_STANDARD = "gnu++0x";
				CLANG_CXX_LIBRARY = "libc++";
				CLANG_ENABLE_MODULES = YES;
				CLANG_ENABLE_OBJC_ARC = YES;
				CLANG_WARN_BOOL_CONVERSION = YES;
				CLANG_WARN_CONSTANT_CONVERSION = YES;
				CLANG_WARN_DIRECT_OBJC_ISA_USAGE = YES_ERROR;
				CLANG_WARN_EMPTY_BODY = YES;
				CLANG_WARN_ENUM_CONVERSION = YES;
				CLANG_WARN_INT_CONVERSION = YES;
				CLANG_WARN_OBJC_ROOT_CLASS = YES_ERROR;
				CLANG_WARN_UNREACHABLE_CODE = YES;
				CLANG_WARN__DUPLICATE_METHOD_MATCH = YES;
				"CODE_SIGN_IDENTITY[sdk=iphoneos*]" = "iPhone Developer";
				COPY_PHASE_STRIP = NO;
				DEBUG_INFORMATION_FORMAT = dwarf;
				ENABLE_STRICT_OBJC_MSGSEND = YES;
				ENABLE_TESTABILITY = YES;
				GCC_C_LANGUAGE_STANDARD = gnu99;
				GCC_DYNAMIC_NO_PIC = NO;
				GCC_NO_COMMON_BLOCKS = YES;
				GCC_OPTIMIZATION_LEVEL = 0;
				GCC_PREPROCESSOR_DEFINITIONS = (
					"DEBUG=1",
					"$(inherited)",
				);
				GCC_WARN_64_TO_32_BIT_CONVERSION = YES;
				GCC_WARN_ABOUT_RETURN_TYPE = YES_ERROR;
				GCC_WARN_UNDECLARED_SELECTOR = YES;
				GCC_WARN_UNINITIALIZED_AUTOS = YES_AGGRESSIVE;
				GCC_WARN_UNUSED_FUNCTION = YES;
				GCC_WARN_UNUSED_VARIABLE = YES;
				IPHONEOS_DEPLOYMENT_TARGET = 9.3;
				MTL_ENABLE_DEBUG_INFO = YES;
				ONLY_ACTIVE_ARCH = YES;
				SDKROOT = iphoneos;
				SWIFT_OPTIMIZATION_LEVEL = "-Onone";
				TARGETED_DEVICE_FAMILY = "1,2";
			};
			name = Debug;
		};
		B88131B91D510EEF00021C4B /* Release */ = {
			isa = XCBuildConfiguration;
			buildSettings = {
				ALWAYS_SEARCH_USER_PATHS = NO;
				CLANG_ANALYZER_NONNULL = YES;
				CLANG_CXX_LANGUAGE_STANDARD = "gnu++0x";
				CLANG_CXX_LIBRARY = "libc++";
				CLANG_ENABLE_MODULES = YES;
				CLANG_ENABLE_OBJC_ARC = YES;
				CLANG_WARN_BOOL_CONVERSION = YES;
				CLANG_WARN_CONSTANT_CONVERSION = YES;
				CLANG_WARN_DIRECT_OBJC_ISA_USAGE = YES_ERROR;
				CLANG_WARN_EMPTY_BODY = YES;
				CLANG_WARN_ENUM_CONVERSION = YES;
				CLANG_WARN_INT_CONVERSION = YES;
				CLANG_WARN_OBJC_ROOT_CLASS = YES_ERROR;
				CLANG_WARN_UNREACHABLE_CODE = YES;
				CLANG_WARN__DUPLICATE_METHOD_MATCH = YES;
				"CODE_SIGN_IDENTITY[sdk=iphoneos*]" = "iPhone Developer";
				COPY_PHASE_STRIP = NO;
				DEBUG_INFORMATION_FORMAT = "dwarf-with-dsym";
				ENABLE_NS_ASSERTIONS = NO;
				ENABLE_STRICT_OBJC_MSGSEND = YES;
				GCC_C_LANGUAGE_STANDARD = gnu99;
				GCC_NO_COMMON_BLOCKS = YES;
				GCC_WARN_64_TO_32_BIT_CONVERSION = YES;
				GCC_WARN_ABOUT_RETURN_TYPE = YES_ERROR;
				GCC_WARN_UNDECLARED_SELECTOR = YES;
				GCC_WARN_UNINITIALIZED_AUTOS = YES_AGGRESSIVE;
				GCC_WARN_UNUSED_FUNCTION = YES;
				GCC_WARN_UNUSED_VARIABLE = YES;
				IPHONEOS_DEPLOYMENT_TARGET = 9.3;
				MTL_ENABLE_DEBUG_INFO = NO;
				SDKROOT = iphoneos;
				TARGETED_DEVICE_FAMILY = "1,2";
				VALIDATE_PRODUCT = YES;
			};
			name = Release;
		};
		B88131BB1D510EEF00021C4B /* Debug */ = {
			isa = XCBuildConfiguration;
			buildSettings = {
				ASSETCATALOG_COMPILER_APPICON_NAME = AppIcon;
				INFOPLIST_FILE = Blobjot/Info.plist;
				LD_RUNPATH_SEARCH_PATHS = "$(inherited) @executable_path/Frameworks";
				PRODUCT_BUNDLE_IDENTIFIER = com.blobjot.Blobjot;
				PRODUCT_NAME = "$(TARGET_NAME)";
			};
			name = Debug;
		};
		B88131BC1D510EEF00021C4B /* Release */ = {
			isa = XCBuildConfiguration;
			buildSettings = {
				ASSETCATALOG_COMPILER_APPICON_NAME = AppIcon;
				INFOPLIST_FILE = Blobjot/Info.plist;
				LD_RUNPATH_SEARCH_PATHS = "$(inherited) @executable_path/Frameworks";
				PRODUCT_BUNDLE_IDENTIFIER = com.blobjot.Blobjot;
				PRODUCT_NAME = "$(TARGET_NAME)";
			};
			name = Release;
		};
		B88131BE1D510EEF00021C4B /* Debug */ = {
			isa = XCBuildConfiguration;
			buildSettings = {
				BUNDLE_LOADER = "$(TEST_HOST)";
				INFOPLIST_FILE = BlobjotTests/Info.plist;
				LD_RUNPATH_SEARCH_PATHS = "$(inherited) @executable_path/Frameworks @loader_path/Frameworks";
				PRODUCT_BUNDLE_IDENTIFIER = com.blobjot.BlobjotTests;
				PRODUCT_NAME = "$(TARGET_NAME)";
				TEST_HOST = "$(BUILT_PRODUCTS_DIR)/Blobjot.app/Blobjot";
			};
			name = Debug;
		};
		B88131BF1D510EEF00021C4B /* Release */ = {
			isa = XCBuildConfiguration;
			buildSettings = {
				BUNDLE_LOADER = "$(TEST_HOST)";
				INFOPLIST_FILE = BlobjotTests/Info.plist;
				LD_RUNPATH_SEARCH_PATHS = "$(inherited) @executable_path/Frameworks @loader_path/Frameworks";
				PRODUCT_BUNDLE_IDENTIFIER = com.blobjot.BlobjotTests;
				PRODUCT_NAME = "$(TARGET_NAME)";
				TEST_HOST = "$(BUILT_PRODUCTS_DIR)/Blobjot.app/Blobjot";
			};
			name = Release;
		};
		B88131C11D510EEF00021C4B /* Debug */ = {
			isa = XCBuildConfiguration;
			buildSettings = {
				INFOPLIST_FILE = BlobjotUITests/Info.plist;
				LD_RUNPATH_SEARCH_PATHS = "$(inherited) @executable_path/Frameworks @loader_path/Frameworks";
				PRODUCT_BUNDLE_IDENTIFIER = com.blobjot.BlobjotUITests;
				PRODUCT_NAME = "$(TARGET_NAME)";
				TEST_TARGET_NAME = Blobjot;
			};
			name = Debug;
		};
		B88131C21D510EEF00021C4B /* Release */ = {
			isa = XCBuildConfiguration;
			buildSettings = {
				INFOPLIST_FILE = BlobjotUITests/Info.plist;
				LD_RUNPATH_SEARCH_PATHS = "$(inherited) @executable_path/Frameworks @loader_path/Frameworks";
				PRODUCT_BUNDLE_IDENTIFIER = com.blobjot.BlobjotUITests;
				PRODUCT_NAME = "$(TARGET_NAME)";
				TEST_TARGET_NAME = Blobjot;
			};
			name = Release;
		};
/* End XCBuildConfiguration section */

/* Begin XCConfigurationList section */
		B881318A1D510EEE00021C4B /* Build configuration list for PBXProject "Blobjot" */ = {
			isa = XCConfigurationList;
			buildConfigurations = (
				B88131B81D510EEF00021C4B /* Debug */,
				B88131B91D510EEF00021C4B /* Release */,
			);
			defaultConfigurationIsVisible = 0;
			defaultConfigurationName = Release;
		};
		B88131BA1D510EEF00021C4B /* Build configuration list for PBXNativeTarget "Blobjot" */ = {
			isa = XCConfigurationList;
			buildConfigurations = (
				B88131BB1D510EEF00021C4B /* Debug */,
				B88131BC1D510EEF00021C4B /* Release */,
			);
			defaultConfigurationIsVisible = 0;
		};
		B88131BD1D510EEF00021C4B /* Build configuration list for PBXNativeTarget "BlobjotTests" */ = {
			isa = XCConfigurationList;
			buildConfigurations = (
				B88131BE1D510EEF00021C4B /* Debug */,
				B88131BF1D510EEF00021C4B /* Release */,
			);
			defaultConfigurationIsVisible = 0;
		};
		B88131C01D510EEF00021C4B /* Build configuration list for PBXNativeTarget "BlobjotUITests" */ = {
			isa = XCConfigurationList;
			buildConfigurations = (
				B88131C11D510EEF00021C4B /* Debug */,
				B88131C21D510EEF00021C4B /* Release */,
			);
			defaultConfigurationIsVisible = 0;
		};
/* End XCConfigurationList section */

/* Begin XCVersionGroup section */
		B88131991D510EEE00021C4B /* Blobjot.xcdatamodeld */ = {
			isa = XCVersionGroup;
			children = (
				B881319A1D510EEE00021C4B /* Blobjot.xcdatamodel */,
			);
			currentVersion = B881319A1D510EEE00021C4B /* Blobjot.xcdatamodel */;
			path = Blobjot.xcdatamodeld;
			sourceTree = "<group>";
			versionGroupType = wrapper.xcdatamodel;
		};
/* End XCVersionGroup section */
	};
	rootObject = B88131871D510EEE00021C4B /* Project object */;
}
