// !$*UTF8*$!
{
	archiveVersion = 1;
	classes = {
	};
	objectVersion = 46;
	objects = {

/* Begin PBXBuildFile section */
		3B60A4AE95BB2E86F25BB5F6 /* Pods_BlobjotUITests.framework in Frameworks */ = {isa = PBXBuildFile; fileRef = 7AF6995A3720833401AD08F9 /* Pods_BlobjotUITests.framework */; };
		78556684B20EDF550D4977F8 /* Pods_BlobjotTests.framework in Frameworks */ = {isa = PBXBuildFile; fileRef = A65710BDE54CC40AE1E01696 /* Pods_BlobjotTests.framework */; };
		B80A84451D5AD2E2003943C3 /* Sugar_Land-Trailbrook_Front.gpx in Resources */ = {isa = PBXBuildFile; fileRef = B80A84441D5AD2E1003943C3 /* Sugar_Land-Trailbrook_Front.gpx */; };
		B80C56311D51126800C4E683 /* Blob.swift in Sources */ = {isa = PBXBuildFile; fileRef = B80C56301D51126800C4E683 /* Blob.swift */; };
		B80C56341D5112F100C4E683 /* Constants.swift in Sources */ = {isa = PBXBuildFile; fileRef = B80C56331D5112F100C4E683 /* Constants.swift */; };
		B80C56361D5113B900C4E683 /* MapViewController.swift in Sources */ = {isa = PBXBuildFile; fileRef = B80C56351D5113B900C4E683 /* MapViewController.swift */; };
		B80C56471D51158000C4E683 /* ConnectionsTableViewCell.swift in Sources */ = {isa = PBXBuildFile; fileRef = B80C56371D51158000C4E683 /* ConnectionsTableViewCell.swift */; };
		B80C56481D51158000C4E683 /* ConnectionsViewController.swift in Sources */ = {isa = PBXBuildFile; fileRef = B80C56381D51158000C4E683 /* ConnectionsViewController.swift */; };
		B80C56491D51158000C4E683 /* BlobAddMediaViewController.swift in Sources */ = {isa = PBXBuildFile; fileRef = B80C56391D51158000C4E683 /* BlobAddMediaViewController.swift */; };
		B80C564A1D51158000C4E683 /* BlobAddPeopleTableViewCell.swift in Sources */ = {isa = PBXBuildFile; fileRef = B80C563A1D51158000C4E683 /* BlobAddPeopleTableViewCell.swift */; };
		B80C564B1D51158000C4E683 /* BlobAddPeopleViewController.swift in Sources */ = {isa = PBXBuildFile; fileRef = B80C563B1D51158000C4E683 /* BlobAddPeopleViewController.swift */; };
		B80C564C1D51158000C4E683 /* BlobAddTextViewController.swift in Sources */ = {isa = PBXBuildFile; fileRef = B80C563C1D51158000C4E683 /* BlobAddTextViewController.swift */; };
		B80C564D1D51158000C4E683 /* BlobAddTypeViewController.swift in Sources */ = {isa = PBXBuildFile; fileRef = B80C563D1D51158000C4E683 /* BlobAddTypeViewController.swift */; };
		B80C564E1D51158000C4E683 /* BlobAddViewController.swift in Sources */ = {isa = PBXBuildFile; fileRef = B80C563E1D51158000C4E683 /* BlobAddViewController.swift */; };
		B80C564F1D51158000C4E683 /* BlobsActiveTableViewCell.swift in Sources */ = {isa = PBXBuildFile; fileRef = B80C563F1D51158000C4E683 /* BlobsActiveTableViewCell.swift */; };
		B80C56501D51158000C4E683 /* BlobsActiveTableViewController.swift in Sources */ = {isa = PBXBuildFile; fileRef = B80C56401D51158000C4E683 /* BlobsActiveTableViewController.swift */; };
		B80C56511D51158000C4E683 /* AccountTableViewCell.swift in Sources */ = {isa = PBXBuildFile; fileRef = B80C56411D51158000C4E683 /* AccountTableViewCell.swift */; };
		B80C56521D51158000C4E683 /* AccountViewController.swift in Sources */ = {isa = PBXBuildFile; fileRef = B80C56421D51158000C4E683 /* AccountViewController.swift */; };
		B80C56531D51158000C4E683 /* BlobViewController.swift in Sources */ = {isa = PBXBuildFile; fileRef = B80C56431D51158000C4E683 /* BlobViewController.swift */; };
		B80C56541D51158000C4E683 /* LocationEventsCollectionViewCell.swift in Sources */ = {isa = PBXBuildFile; fileRef = B80C56441D51158000C4E683 /* LocationEventsCollectionViewCell.swift */; };
		B80C56551D51158000C4E683 /* PeopleTableViewCell.swift in Sources */ = {isa = PBXBuildFile; fileRef = B80C56451D51158000C4E683 /* PeopleTableViewCell.swift */; };
		B80C56561D51158000C4E683 /* PeopleViewController.swift in Sources */ = {isa = PBXBuildFile; fileRef = B80C56461D51158000C4E683 /* PeopleViewController.swift */; };
		B80C565A1D5116E000C4E683 /* defaultMedia.png in Resources */ = {isa = PBXBuildFile; fileRef = B80C56581D5116E000C4E683 /* defaultMedia.png */; };
		B80C565B1D5116E000C4E683 /* logo.png in Resources */ = {isa = PBXBuildFile; fileRef = B80C56591D5116E000C4E683 /* logo.png */; };
		B80C565D1D5117C800C4E683 /* Default-568h@2x.png in Resources */ = {isa = PBXBuildFile; fileRef = B80C565C1D5117C800C4E683 /* Default-568h@2x.png */; };
		B80C56611D5183B100C4E683 /* User.swift in Sources */ = {isa = PBXBuildFile; fileRef = B80C56601D5183B100C4E683 /* User.swift */; };
		B80D17751D90E1C90032B0D8 /* LoginViewController.swift in Sources */ = {isa = PBXBuildFile; fileRef = B80D17741D90E1C90032B0D8 /* LoginViewController.swift */; };
		B80D17771D922FF20032B0D8 /* AWSClasses.swift in Sources */ = {isa = PBXBuildFile; fileRef = B80D17761D922FF20032B0D8 /* AWSClasses.swift */; };
		B80D17791D9712C60032B0D8 /* style.json in Resources */ = {isa = PBXBuildFile; fileRef = B80D17781D9712C50032B0D8 /* style.json */; };
		B80D177B1D98A5760032B0D8 /* UtilityFunctions.swift in Sources */ = {isa = PBXBuildFile; fileRef = B80D177A1D98A5760032B0D8 /* UtilityFunctions.swift */; };
		B81822071D5B98F300B3A2BB /* BlobThumbnailObject.swift in Sources */ = {isa = PBXBuildFile; fileRef = B81822061D5B98F300B3A2BB /* BlobThumbnailObject.swift */; };
		B82421551DA5DEE400827557 /* MV_add_icon.png in Resources */ = {isa = PBXBuildFile; fileRef = B824214F1DA5DEE400827557 /* MV_add_icon.png */; };
		B82421561DA5DEE400827557 /* MV_list_icon.png in Resources */ = {isa = PBXBuildFile; fileRef = B82421501DA5DEE400827557 /* MV_list_icon.png */; };
		B82421571DA5DEE400827557 /* MV_location_icon.png in Resources */ = {isa = PBXBuildFile; fileRef = B82421511DA5DEE400827557 /* MV_location_icon.png */; };
		B82421581DA5DEE400827557 /* MV_profile_icon.png in Resources */ = {isa = PBXBuildFile; fileRef = B82421521DA5DEE400827557 /* MV_profile_icon.png */; };
		B82421591DA5DEE400827557 /* MV_refresh_icon.png in Resources */ = {isa = PBXBuildFile; fileRef = B82421531DA5DEE400827557 /* MV_refresh_icon.png */; };
		B824215A1DA5DEE400827557 /* MV_search_icon.png in Resources */ = {isa = PBXBuildFile; fileRef = B82421541DA5DEE400827557 /* MV_search_icon.png */; };
		B8312FDA1DB3DA8700CFC715 /* LocationManagerSetting.swift in Sources */ = {isa = PBXBuildFile; fileRef = B8312FD91DB3DA8700CFC715 /* LocationManagerSetting.swift */; };
		B8312FDB1DB3DA8700CFC715 /* LocationManagerSetting.swift in Sources */ = {isa = PBXBuildFile; fileRef = B8312FD91DB3DA8700CFC715 /* LocationManagerSetting.swift */; };
		B8312FDC1DB3DA8700CFC715 /* LocationManagerSetting.swift in Sources */ = {isa = PBXBuildFile; fileRef = B8312FD91DB3DA8700CFC715 /* LocationManagerSetting.swift */; };
		B8312FDE1DB3DACB00CFC715 /* LocationManagerSetting+CoreDataProperties.swift in Sources */ = {isa = PBXBuildFile; fileRef = B8312FDD1DB3DACB00CFC715 /* LocationManagerSetting+CoreDataProperties.swift */; };
		B8312FDF1DB3DACB00CFC715 /* LocationManagerSetting+CoreDataProperties.swift in Sources */ = {isa = PBXBuildFile; fileRef = B8312FDD1DB3DACB00CFC715 /* LocationManagerSetting+CoreDataProperties.swift */; };
		B8312FE01DB3DACB00CFC715 /* LocationManagerSetting+CoreDataProperties.swift in Sources */ = {isa = PBXBuildFile; fileRef = B8312FDD1DB3DACB00CFC715 /* LocationManagerSetting+CoreDataProperties.swift */; };
		B8541B6B1DB5C6EF00867D82 /* MV_add_icon-white.png in Resources */ = {isa = PBXBuildFile; fileRef = B8541B641DB5C6EF00867D82 /* MV_add_icon-white.png */; };
		B8541B6C1DB5C6EF00867D82 /* MV_list_icon-white.png in Resources */ = {isa = PBXBuildFile; fileRef = B8541B651DB5C6EF00867D82 /* MV_list_icon-white.png */; };
		B8541B6D1DB5C6EF00867D82 /* MV_location_icon-white.png in Resources */ = {isa = PBXBuildFile; fileRef = B8541B661DB5C6EF00867D82 /* MV_location_icon-white.png */; };
		B8541B6E1DB5C6EF00867D82 /* MV_search_icon-white.png in Resources */ = {isa = PBXBuildFile; fileRef = B8541B671DB5C6EF00867D82 /* MV_search_icon-white.png */; };
		B8541B6F1DB5C6EF00867D82 /* MV_profile_icon-white.png in Resources */ = {isa = PBXBuildFile; fileRef = B8541B681DB5C6EF00867D82 /* MV_profile_icon-white.png */; };
		B8541B701DB5C6EF00867D82 /* MV_refresh_icon_large-white.png in Resources */ = {isa = PBXBuildFile; fileRef = B8541B691DB5C6EF00867D82 /* MV_refresh_icon_large-white.png */; };
		B8541B711DB5C6EF00867D82 /* MV_refresh_icon-white.png in Resources */ = {isa = PBXBuildFile; fileRef = B8541B6A1DB5C6EF00867D82 /* MV_refresh_icon-white.png */; };
		B8541B731DB7D49000867D82 /* CustomClasses.swift in Sources */ = {isa = PBXBuildFile; fileRef = B8541B721DB7D48D00867D82 /* CustomClasses.swift */; };
		B8541B751DBBD0B900867D82 /* BlobComment.swift in Sources */ = {isa = PBXBuildFile; fileRef = B8541B741DBBD0B500867D82 /* BlobComment.swift */; };
		B85FDE891D7DC2BA002A8FC7 /* CustomIdentityProvider.swift in Sources */ = {isa = PBXBuildFile; fileRef = B85FDE881D7DC2BA002A8FC7 /* CustomIdentityProvider.swift */; };
		B86406FD1D71BDCD0084D6EF /* white.png in Resources */ = {isa = PBXBuildFile; fileRef = B86406FC1D71BDCD0084D6EF /* white.png */; };
		B86406FF1D74AD800084D6EF /* SearchViewController.swift in Sources */ = {isa = PBXBuildFile; fileRef = B86406FE1D74AD7F0084D6EF /* SearchViewController.swift */; };
		B86407011D75BAE50084D6EF /* circle-small.png in Resources */ = {isa = PBXBuildFile; fileRef = B86407001D75BAE50084D6EF /* circle-small.png */; };
		B86407051D7B0E720084D6EF /* DataController.swift in Sources */ = {isa = PBXBuildFile; fileRef = B86407041D7B0E710084D6EF /* DataController.swift */; };
		B86407081D7B13EB0084D6EF /* DataModel.xcdatamodeld in Sources */ = {isa = PBXBuildFile; fileRef = B86407061D7B13EB0084D6EF /* DataModel.xcdatamodeld */; };
		B864070D1D7B14A40084D6EF /* BlobNotifications+CoreDataProperties.swift in Sources */ = {isa = PBXBuildFile; fileRef = B86407091D7B14A40084D6EF /* BlobNotifications+CoreDataProperties.swift */; };
		B864070E1D7B14A40084D6EF /* BlobNotification.swift in Sources */ = {isa = PBXBuildFile; fileRef = B864070A1D7B14A40084D6EF /* BlobNotification.swift */; };
		B864070F1D7B14A40084D6EF /* CurrentUser+CoreDataProperties.swift in Sources */ = {isa = PBXBuildFile; fileRef = B864070B1D7B14A40084D6EF /* CurrentUser+CoreDataProperties.swift */; };
		B86407101D7B14A40084D6EF /* CurrentUser.swift in Sources */ = {isa = PBXBuildFile; fileRef = B864070C1D7B14A40084D6EF /* CurrentUser.swift */; };
		B88131931D510EEE00021C4B /* AppDelegate.swift in Sources */ = {isa = PBXBuildFile; fileRef = B88131921D510EEE00021C4B /* AppDelegate.swift */; };
		B881319D1D510EEE00021C4B /* Assets.xcassets in Resources */ = {isa = PBXBuildFile; fileRef = B881319C1D510EEE00021C4B /* Assets.xcassets */; };
		B88131AB1D510EEF00021C4B /* BlobjotTests.swift in Sources */ = {isa = PBXBuildFile; fileRef = B88131AA1D510EEF00021C4B /* BlobjotTests.swift */; };
		B88131B61D510EEF00021C4B /* BlobjotUITests.swift in Sources */ = {isa = PBXBuildFile; fileRef = B88131B51D510EEF00021C4B /* BlobjotUITests.swift */; };
		B88884021D52D824001EE249 /* FBSDKLoginKit.framework in Frameworks */ = {isa = PBXBuildFile; fileRef = B88883FF1D52D824001EE249 /* FBSDKLoginKit.framework */; };
		B88884031D52D824001EE249 /* FBSDKShareKit.framework in Frameworks */ = {isa = PBXBuildFile; fileRef = B88884001D52D824001EE249 /* FBSDKShareKit.framework */; };
		B88884041D52D824001EE249 /* FBSDKCoreKit.framework in Frameworks */ = {isa = PBXBuildFile; fileRef = B88884011D52D824001EE249 /* FBSDKCoreKit.framework */; };
		B88884081D52DFD7001EE249 /* Bolts.framework in Frameworks */ = {isa = PBXBuildFile; fileRef = B88884071D52DFD7001EE249 /* Bolts.framework */; };
		B88DFD881DBD50DF00255BA5 /* BlobTableViewCell.swift in Sources */ = {isa = PBXBuildFile; fileRef = B88DFD871DBD50DF00255BA5 /* BlobTableViewCell.swift */; };
		B88DFD8A1DBE9F9200255BA5 /* Houston-Downtown2.gpx in Resources */ = {isa = PBXBuildFile; fileRef = B88DFD891DBE9F9200255BA5 /* Houston-Downtown2.gpx */; };
		B8A729321D64064800FD6E0A /* star_yellow.png in Resources */ = {isa = PBXBuildFile; fileRef = B8A729301D64064800FD6E0A /* star_yellow.png */; };
		B8A729331D64064800FD6E0A /* star_clear.png in Resources */ = {isa = PBXBuildFile; fileRef = B8A729311D64064800FD6E0A /* star_clear.png */; };
		B8C8C59D1D57544C004D773E /* Extensions.swift in Sources */ = {isa = PBXBuildFile; fileRef = B8C8C59C1D57544C004D773E /* Extensions.swift */; };
		F0218AC95EF86C2A827CA39C /* Pods_Blobjot.framework in Frameworks */ = {isa = PBXBuildFile; fileRef = BCF8CA5237DDB608651A853C /* Pods_Blobjot.framework */; };
/* End PBXBuildFile section */

/* Begin PBXContainerItemProxy section */
		B88131A71D510EEF00021C4B /* PBXContainerItemProxy */ = {
			isa = PBXContainerItemProxy;
			containerPortal = B88131871D510EEE00021C4B /* Project object */;
			proxyType = 1;
			remoteGlobalIDString = B881318E1D510EEE00021C4B;
			remoteInfo = Blobjot;
		};
		B88131B21D510EEF00021C4B /* PBXContainerItemProxy */ = {
			isa = PBXContainerItemProxy;
			containerPortal = B88131871D510EEE00021C4B /* Project object */;
			proxyType = 1;
			remoteGlobalIDString = B881318E1D510EEE00021C4B;
			remoteInfo = Blobjot;
		};
/* End PBXContainerItemProxy section */

/* Begin PBXCopyFilesBuildPhase section */
		B88884161D535DE6001EE249 /* Embed Frameworks */ = {
			isa = PBXCopyFilesBuildPhase;
			buildActionMask = 2147483647;
			dstPath = "";
			dstSubfolderSpec = 10;
			files = (
			);
			name = "Embed Frameworks";
			runOnlyForDeploymentPostprocessing = 0;
		};
/* End PBXCopyFilesBuildPhase section */

/* Begin PBXFileReference section */
		2B56171CD8E7CA54A66EC916 /* Pods-BlobjotUITests.release.xcconfig */ = {isa = PBXFileReference; includeInIndex = 1; lastKnownFileType = text.xcconfig; name = "Pods-BlobjotUITests.release.xcconfig"; path = "Pods/Target Support Files/Pods-BlobjotUITests/Pods-BlobjotUITests.release.xcconfig"; sourceTree = "<group>"; };
		6D9D1A9C9D6614F904B32B05 /* Pods-BlobjotTests.release.xcconfig */ = {isa = PBXFileReference; includeInIndex = 1; lastKnownFileType = text.xcconfig; name = "Pods-BlobjotTests.release.xcconfig"; path = "Pods/Target Support Files/Pods-BlobjotTests/Pods-BlobjotTests.release.xcconfig"; sourceTree = "<group>"; };
		7AF6995A3720833401AD08F9 /* Pods_BlobjotUITests.framework */ = {isa = PBXFileReference; explicitFileType = wrapper.framework; includeInIndex = 0; path = Pods_BlobjotUITests.framework; sourceTree = BUILT_PRODUCTS_DIR; };
		A5145EC0D2F396CEDC3D1CE7 /* Pods-Blobjot.debug.xcconfig */ = {isa = PBXFileReference; includeInIndex = 1; lastKnownFileType = text.xcconfig; name = "Pods-Blobjot.debug.xcconfig"; path = "Pods/Target Support Files/Pods-Blobjot/Pods-Blobjot.debug.xcconfig"; sourceTree = "<group>"; };
		A65710BDE54CC40AE1E01696 /* Pods_BlobjotTests.framework */ = {isa = PBXFileReference; explicitFileType = wrapper.framework; includeInIndex = 0; path = Pods_BlobjotTests.framework; sourceTree = BUILT_PRODUCTS_DIR; };
		B80A84441D5AD2E1003943C3 /* Sugar_Land-Trailbrook_Front.gpx */ = {isa = PBXFileReference; fileEncoding = 4; lastKnownFileType = text.xml; name = "Sugar_Land-Trailbrook_Front.gpx"; path = "Blobjot/Sugar_Land-Trailbrook_Front.gpx"; sourceTree = "<group>"; };
		B80C56301D51126800C4E683 /* Blob.swift */ = {isa = PBXFileReference; fileEncoding = 4; lastKnownFileType = sourcecode.swift; path = Blob.swift; sourceTree = "<group>"; };
		B80C56321D5112C100C4E683 /* Houston-Downtown.gpx */ = {isa = PBXFileReference; lastKnownFileType = text.xml; name = "Houston-Downtown.gpx"; path = "Blobjot/Houston-Downtown.gpx"; sourceTree = "<group>"; };
		B80C56331D5112F100C4E683 /* Constants.swift */ = {isa = PBXFileReference; fileEncoding = 4; lastKnownFileType = sourcecode.swift; lineEnding = 0; path = Constants.swift; sourceTree = "<group>"; xcLanguageSpecificationIdentifier = xcode.lang.swift; };
		B80C56351D5113B900C4E683 /* MapViewController.swift */ = {isa = PBXFileReference; fileEncoding = 4; lastKnownFileType = sourcecode.swift; path = MapViewController.swift; sourceTree = "<group>"; };
		B80C56371D51158000C4E683 /* ConnectionsTableViewCell.swift */ = {isa = PBXFileReference; fileEncoding = 4; lastKnownFileType = sourcecode.swift; path = ConnectionsTableViewCell.swift; sourceTree = "<group>"; };
		B80C56381D51158000C4E683 /* ConnectionsViewController.swift */ = {isa = PBXFileReference; fileEncoding = 4; lastKnownFileType = sourcecode.swift; path = ConnectionsViewController.swift; sourceTree = "<group>"; };
		B80C56391D51158000C4E683 /* BlobAddMediaViewController.swift */ = {isa = PBXFileReference; fileEncoding = 4; lastKnownFileType = sourcecode.swift; path = BlobAddMediaViewController.swift; sourceTree = "<group>"; };
		B80C563A1D51158000C4E683 /* BlobAddPeopleTableViewCell.swift */ = {isa = PBXFileReference; fileEncoding = 4; lastKnownFileType = sourcecode.swift; path = BlobAddPeopleTableViewCell.swift; sourceTree = "<group>"; };
		B80C563B1D51158000C4E683 /* BlobAddPeopleViewController.swift */ = {isa = PBXFileReference; fileEncoding = 4; lastKnownFileType = sourcecode.swift; path = BlobAddPeopleViewController.swift; sourceTree = "<group>"; };
		B80C563C1D51158000C4E683 /* BlobAddTextViewController.swift */ = {isa = PBXFileReference; fileEncoding = 4; lastKnownFileType = sourcecode.swift; path = BlobAddTextViewController.swift; sourceTree = "<group>"; };
		B80C563D1D51158000C4E683 /* BlobAddTypeViewController.swift */ = {isa = PBXFileReference; fileEncoding = 4; lastKnownFileType = sourcecode.swift; path = BlobAddTypeViewController.swift; sourceTree = "<group>"; };
		B80C563E1D51158000C4E683 /* BlobAddViewController.swift */ = {isa = PBXFileReference; fileEncoding = 4; lastKnownFileType = sourcecode.swift; path = BlobAddViewController.swift; sourceTree = "<group>"; };
		B80C563F1D51158000C4E683 /* BlobsActiveTableViewCell.swift */ = {isa = PBXFileReference; fileEncoding = 4; lastKnownFileType = sourcecode.swift; lineEnding = 0; path = BlobsActiveTableViewCell.swift; sourceTree = "<group>"; xcLanguageSpecificationIdentifier = xcode.lang.swift; };
		B80C56401D51158000C4E683 /* BlobsActiveTableViewController.swift */ = {isa = PBXFileReference; fileEncoding = 4; lastKnownFileType = sourcecode.swift; lineEnding = 0; path = BlobsActiveTableViewController.swift; sourceTree = "<group>"; xcLanguageSpecificationIdentifier = xcode.lang.swift; };
		B80C56411D51158000C4E683 /* AccountTableViewCell.swift */ = {isa = PBXFileReference; fileEncoding = 4; lastKnownFileType = sourcecode.swift; lineEnding = 0; path = AccountTableViewCell.swift; sourceTree = "<group>"; xcLanguageSpecificationIdentifier = xcode.lang.swift; };
		B80C56421D51158000C4E683 /* AccountViewController.swift */ = {isa = PBXFileReference; fileEncoding = 4; lastKnownFileType = sourcecode.swift; lineEnding = 0; path = AccountViewController.swift; sourceTree = "<group>"; xcLanguageSpecificationIdentifier = xcode.lang.swift; };
		B80C56431D51158000C4E683 /* BlobViewController.swift */ = {isa = PBXFileReference; fileEncoding = 4; lastKnownFileType = sourcecode.swift; path = BlobViewController.swift; sourceTree = "<group>"; };
		B80C56441D51158000C4E683 /* LocationEventsCollectionViewCell.swift */ = {isa = PBXFileReference; fileEncoding = 4; lastKnownFileType = sourcecode.swift; path = LocationEventsCollectionViewCell.swift; sourceTree = "<group>"; };
		B80C56451D51158000C4E683 /* PeopleTableViewCell.swift */ = {isa = PBXFileReference; fileEncoding = 4; lastKnownFileType = sourcecode.swift; path = PeopleTableViewCell.swift; sourceTree = "<group>"; };
		B80C56461D51158000C4E683 /* PeopleViewController.swift */ = {isa = PBXFileReference; fileEncoding = 4; lastKnownFileType = sourcecode.swift; path = PeopleViewController.swift; sourceTree = "<group>"; };
		B80C56581D5116E000C4E683 /* defaultMedia.png */ = {isa = PBXFileReference; lastKnownFileType = image.png; path = defaultMedia.png; sourceTree = "<group>"; };
		B80C56591D5116E000C4E683 /* logo.png */ = {isa = PBXFileReference; lastKnownFileType = image.png; path = logo.png; sourceTree = "<group>"; };
		B80C565C1D5117C800C4E683 /* Default-568h@2x.png */ = {isa = PBXFileReference; lastKnownFileType = image.png; path = "Default-568h@2x.png"; sourceTree = "<group>"; };
		B80C56601D5183B100C4E683 /* User.swift */ = {isa = PBXFileReference; fileEncoding = 4; lastKnownFileType = sourcecode.swift; path = User.swift; sourceTree = "<group>"; };
		B80D17731D8DE21A0032B0D8 /* Blobjot.entitlements */ = {isa = PBXFileReference; lastKnownFileType = text.plist.entitlements; name = Blobjot.entitlements; path = Blobjot/Blobjot.entitlements; sourceTree = "<group>"; };
		B80D17741D90E1C90032B0D8 /* LoginViewController.swift */ = {isa = PBXFileReference; fileEncoding = 4; lastKnownFileType = sourcecode.swift; path = LoginViewController.swift; sourceTree = "<group>"; };
		B80D17761D922FF20032B0D8 /* AWSClasses.swift */ = {isa = PBXFileReference; fileEncoding = 4; lastKnownFileType = sourcecode.swift; path = AWSClasses.swift; sourceTree = "<group>"; };
		B80D17781D9712C50032B0D8 /* style.json */ = {isa = PBXFileReference; fileEncoding = 4; lastKnownFileType = text.json; name = style.json; path = Blobjot/style.json; sourceTree = "<group>"; };
		B80D177A1D98A5760032B0D8 /* UtilityFunctions.swift */ = {isa = PBXFileReference; fileEncoding = 4; lastKnownFileType = sourcecode.swift; path = UtilityFunctions.swift; sourceTree = "<group>"; };
		B81822061D5B98F300B3A2BB /* BlobThumbnailObject.swift */ = {isa = PBXFileReference; fileEncoding = 4; lastKnownFileType = sourcecode.swift; path = BlobThumbnailObject.swift; sourceTree = "<group>"; };
		B824214F1DA5DEE400827557 /* MV_add_icon.png */ = {isa = PBXFileReference; lastKnownFileType = image.png; path = MV_add_icon.png; sourceTree = "<group>"; };
		B82421501DA5DEE400827557 /* MV_list_icon.png */ = {isa = PBXFileReference; lastKnownFileType = image.png; path = MV_list_icon.png; sourceTree = "<group>"; };
		B82421511DA5DEE400827557 /* MV_location_icon.png */ = {isa = PBXFileReference; lastKnownFileType = image.png; path = MV_location_icon.png; sourceTree = "<group>"; };
		B82421521DA5DEE400827557 /* MV_profile_icon.png */ = {isa = PBXFileReference; lastKnownFileType = image.png; path = MV_profile_icon.png; sourceTree = "<group>"; };
		B82421531DA5DEE400827557 /* MV_refresh_icon.png */ = {isa = PBXFileReference; lastKnownFileType = image.png; path = MV_refresh_icon.png; sourceTree = "<group>"; };
		B82421541DA5DEE400827557 /* MV_search_icon.png */ = {isa = PBXFileReference; lastKnownFileType = image.png; path = MV_search_icon.png; sourceTree = "<group>"; };
		B8312FCC1DB3D9AE00CFC715 /* Blobjot-Bridging-Header.h */ = {isa = PBXFileReference; lastKnownFileType = sourcecode.c.h; path = "Blobjot-Bridging-Header.h"; sourceTree = "<group>"; };
		B8312FCD1DB3D9AF00CFC715 /* BlobjotTests-Bridging-Header.h */ = {isa = PBXFileReference; lastKnownFileType = sourcecode.c.h; path = "BlobjotTests-Bridging-Header.h"; sourceTree = "<group>"; };
		B8312FCE1DB3D9AF00CFC715 /* BlobjotUITests-Bridging-Header.h */ = {isa = PBXFileReference; lastKnownFileType = sourcecode.c.h; path = "BlobjotUITests-Bridging-Header.h"; sourceTree = "<group>"; };
		B8312FD91DB3DA8700CFC715 /* LocationManagerSetting.swift */ = {isa = PBXFileReference; fileEncoding = 4; lastKnownFileType = sourcecode.swift; path = LocationManagerSetting.swift; sourceTree = "<group>"; };
		B8312FDD1DB3DACB00CFC715 /* LocationManagerSetting+CoreDataProperties.swift */ = {isa = PBXFileReference; fileEncoding = 4; lastKnownFileType = sourcecode.swift; path = "LocationManagerSetting+CoreDataProperties.swift"; sourceTree = "<group>"; };
		B8541B641DB5C6EF00867D82 /* MV_add_icon-white.png */ = {isa = PBXFileReference; lastKnownFileType = image.png; path = "MV_add_icon-white.png"; sourceTree = "<group>"; };
		B8541B651DB5C6EF00867D82 /* MV_list_icon-white.png */ = {isa = PBXFileReference; lastKnownFileType = image.png; path = "MV_list_icon-white.png"; sourceTree = "<group>"; };
		B8541B661DB5C6EF00867D82 /* MV_location_icon-white.png */ = {isa = PBXFileReference; lastKnownFileType = image.png; path = "MV_location_icon-white.png"; sourceTree = "<group>"; };
		B8541B671DB5C6EF00867D82 /* MV_search_icon-white.png */ = {isa = PBXFileReference; lastKnownFileType = image.png; path = "MV_search_icon-white.png"; sourceTree = "<group>"; };
		B8541B681DB5C6EF00867D82 /* MV_profile_icon-white.png */ = {isa = PBXFileReference; lastKnownFileType = image.png; path = "MV_profile_icon-white.png"; sourceTree = "<group>"; };
		B8541B691DB5C6EF00867D82 /* MV_refresh_icon_large-white.png */ = {isa = PBXFileReference; lastKnownFileType = image.png; path = "MV_refresh_icon_large-white.png"; sourceTree = "<group>"; };
		B8541B6A1DB5C6EF00867D82 /* MV_refresh_icon-white.png */ = {isa = PBXFileReference; lastKnownFileType = image.png; path = "MV_refresh_icon-white.png"; sourceTree = "<group>"; };
		B8541B721DB7D48D00867D82 /* CustomClasses.swift */ = {isa = PBXFileReference; fileEncoding = 4; lastKnownFileType = sourcecode.swift; path = CustomClasses.swift; sourceTree = "<group>"; };
		B8541B741DBBD0B500867D82 /* BlobComment.swift */ = {isa = PBXFileReference; fileEncoding = 4; lastKnownFileType = sourcecode.swift; path = BlobComment.swift; sourceTree = "<group>"; };
		B85FDE881D7DC2BA002A8FC7 /* CustomIdentityProvider.swift */ = {isa = PBXFileReference; fileEncoding = 4; lastKnownFileType = sourcecode.swift; path = CustomIdentityProvider.swift; sourceTree = "<group>"; };
		B86406FC1D71BDCD0084D6EF /* white.png */ = {isa = PBXFileReference; lastKnownFileType = image.png; path = white.png; sourceTree = "<group>"; };
		B86406FE1D74AD7F0084D6EF /* SearchViewController.swift */ = {isa = PBXFileReference; fileEncoding = 4; lastKnownFileType = sourcecode.swift; path = SearchViewController.swift; sourceTree = "<group>"; };
		B86407001D75BAE50084D6EF /* circle-small.png */ = {isa = PBXFileReference; lastKnownFileType = image.png; path = "circle-small.png"; sourceTree = "<group>"; };
		B86407041D7B0E710084D6EF /* DataController.swift */ = {isa = PBXFileReference; fileEncoding = 4; lastKnownFileType = sourcecode.swift; path = DataController.swift; sourceTree = "<group>"; };
		B86407071D7B13EB0084D6EF /* DataModel.xcdatamodel */ = {isa = PBXFileReference; lastKnownFileType = wrapper.xcdatamodel; path = DataModel.xcdatamodel; sourceTree = "<group>"; };
		B86407091D7B14A40084D6EF /* BlobNotifications+CoreDataProperties.swift */ = {isa = PBXFileReference; fileEncoding = 4; lastKnownFileType = sourcecode.swift; path = "BlobNotifications+CoreDataProperties.swift"; sourceTree = "<group>"; };
		B864070A1D7B14A40084D6EF /* BlobNotification.swift */ = {isa = PBXFileReference; fileEncoding = 4; lastKnownFileType = sourcecode.swift; path = BlobNotification.swift; sourceTree = "<group>"; };
		B864070B1D7B14A40084D6EF /* CurrentUser+CoreDataProperties.swift */ = {isa = PBXFileReference; fileEncoding = 4; lastKnownFileType = sourcecode.swift; path = "CurrentUser+CoreDataProperties.swift"; sourceTree = "<group>"; };
		B864070C1D7B14A40084D6EF /* CurrentUser.swift */ = {isa = PBXFileReference; fileEncoding = 4; lastKnownFileType = sourcecode.swift; path = CurrentUser.swift; sourceTree = "<group>"; };
		B881318F1D510EEE00021C4B /* Blobjot.app */ = {isa = PBXFileReference; explicitFileType = wrapper.application; includeInIndex = 0; path = Blobjot.app; sourceTree = BUILT_PRODUCTS_DIR; };
		B88131921D510EEE00021C4B /* AppDelegate.swift */ = {isa = PBXFileReference; lastKnownFileType = sourcecode.swift; path = AppDelegate.swift; sourceTree = "<group>"; };
		B881319C1D510EEE00021C4B /* Assets.xcassets */ = {isa = PBXFileReference; lastKnownFileType = folder.assetcatalog; path = Assets.xcassets; sourceTree = "<group>"; };
		B88131A11D510EEE00021C4B /* Info.plist */ = {isa = PBXFileReference; lastKnownFileType = text.plist.xml; name = Info.plist; path = Blobjot/Info.plist; sourceTree = "<group>"; };
		B88131A61D510EEF00021C4B /* Blobjot.xctest */ = {isa = PBXFileReference; explicitFileType = wrapper.cfbundle; includeInIndex = 0; path = Blobjot.xctest; sourceTree = BUILT_PRODUCTS_DIR; };
		B88131AA1D510EEF00021C4B /* BlobjotTests.swift */ = {isa = PBXFileReference; lastKnownFileType = sourcecode.swift; path = BlobjotTests.swift; sourceTree = "<group>"; };
		B88131AC1D510EEF00021C4B /* Info.plist */ = {isa = PBXFileReference; lastKnownFileType = text.plist.xml; path = Info.plist; sourceTree = "<group>"; };
		B88131B11D510EEF00021C4B /* Blobjot.xctest */ = {isa = PBXFileReference; explicitFileType = wrapper.cfbundle; includeInIndex = 0; path = Blobjot.xctest; sourceTree = BUILT_PRODUCTS_DIR; };
		B88131B51D510EEF00021C4B /* BlobjotUITests.swift */ = {isa = PBXFileReference; lastKnownFileType = sourcecode.swift; path = BlobjotUITests.swift; sourceTree = "<group>"; };
		B88131B71D510EEF00021C4B /* Info.plist */ = {isa = PBXFileReference; lastKnownFileType = text.plist.xml; path = Info.plist; sourceTree = "<group>"; };
		B88883FF1D52D824001EE249 /* FBSDKLoginKit.framework */ = {isa = PBXFileReference; lastKnownFileType = wrapper.framework; path = FBSDKLoginKit.framework; sourceTree = "<group>"; };
		B88884001D52D824001EE249 /* FBSDKShareKit.framework */ = {isa = PBXFileReference; lastKnownFileType = wrapper.framework; path = FBSDKShareKit.framework; sourceTree = "<group>"; };
		B88884011D52D824001EE249 /* FBSDKCoreKit.framework */ = {isa = PBXFileReference; lastKnownFileType = wrapper.framework; path = FBSDKCoreKit.framework; sourceTree = "<group>"; };
		B88884071D52DFD7001EE249 /* Bolts.framework */ = {isa = PBXFileReference; lastKnownFileType = wrapper.framework; name = Bolts.framework; path = "../../../Downloads/FacebookSDKs-iOS-4.14.0/Bolts.framework"; sourceTree = "<group>"; };
		B88DFD871DBD50DF00255BA5 /* BlobTableViewCell.swift */ = {isa = PBXFileReference; fileEncoding = 4; lastKnownFileType = sourcecode.swift; path = BlobTableViewCell.swift; sourceTree = "<group>"; };
		B88DFD891DBE9F9200255BA5 /* Houston-Downtown2.gpx */ = {isa = PBXFileReference; fileEncoding = 4; lastKnownFileType = text.xml; path = "Houston-Downtown2.gpx"; sourceTree = "<group>"; };
		B8A729301D64064800FD6E0A /* star_yellow.png */ = {isa = PBXFileReference; lastKnownFileType = image.png; path = star_yellow.png; sourceTree = "<group>"; };
		B8A729311D64064800FD6E0A /* star_clear.png */ = {isa = PBXFileReference; lastKnownFileType = image.png; path = star_clear.png; sourceTree = "<group>"; };
		B8C8C59C1D57544C004D773E /* Extensions.swift */ = {isa = PBXFileReference; fileEncoding = 4; lastKnownFileType = sourcecode.swift; path = Extensions.swift; sourceTree = "<group>"; };
		BCF8CA5237DDB608651A853C /* Pods_Blobjot.framework */ = {isa = PBXFileReference; explicitFileType = wrapper.framework; includeInIndex = 0; path = Pods_Blobjot.framework; sourceTree = BUILT_PRODUCTS_DIR; };
		BF3D7EAE5506D94FE1CC92A9 /* Pods-BlobjotUITests.debug.xcconfig */ = {isa = PBXFileReference; includeInIndex = 1; lastKnownFileType = text.xcconfig; name = "Pods-BlobjotUITests.debug.xcconfig"; path = "Pods/Target Support Files/Pods-BlobjotUITests/Pods-BlobjotUITests.debug.xcconfig"; sourceTree = "<group>"; };
		ECCEA997791A35BA1BCB3413 /* Pods-Blobjot.release.xcconfig */ = {isa = PBXFileReference; includeInIndex = 1; lastKnownFileType = text.xcconfig; name = "Pods-Blobjot.release.xcconfig"; path = "Pods/Target Support Files/Pods-Blobjot/Pods-Blobjot.release.xcconfig"; sourceTree = "<group>"; };
		F21B6FE74C2C324EDC05B21F /* Pods-BlobjotTests.debug.xcconfig */ = {isa = PBXFileReference; includeInIndex = 1; lastKnownFileType = text.xcconfig; name = "Pods-BlobjotTests.debug.xcconfig"; path = "Pods/Target Support Files/Pods-BlobjotTests/Pods-BlobjotTests.debug.xcconfig"; sourceTree = "<group>"; };
/* End PBXFileReference section */

/* Begin PBXFrameworksBuildPhase section */
		B881318C1D510EEE00021C4B /* Frameworks */ = {
			isa = PBXFrameworksBuildPhase;
			buildActionMask = 2147483647;
			files = (
				B88884081D52DFD7001EE249 /* Bolts.framework in Frameworks */,
				B88884041D52D824001EE249 /* FBSDKCoreKit.framework in Frameworks */,
				B88884021D52D824001EE249 /* FBSDKLoginKit.framework in Frameworks */,
				B88884031D52D824001EE249 /* FBSDKShareKit.framework in Frameworks */,
				F0218AC95EF86C2A827CA39C /* Pods_Blobjot.framework in Frameworks */,
			);
			runOnlyForDeploymentPostprocessing = 0;
		};
		B88131A31D510EEF00021C4B /* Frameworks */ = {
			isa = PBXFrameworksBuildPhase;
			buildActionMask = 2147483647;
			files = (
				78556684B20EDF550D4977F8 /* Pods_BlobjotTests.framework in Frameworks */,
			);
			runOnlyForDeploymentPostprocessing = 0;
		};
		B88131AE1D510EEF00021C4B /* Frameworks */ = {
			isa = PBXFrameworksBuildPhase;
			buildActionMask = 2147483647;
			files = (
				3B60A4AE95BB2E86F25BB5F6 /* Pods_BlobjotUITests.framework in Frameworks */,
			);
			runOnlyForDeploymentPostprocessing = 0;
		};
/* End PBXFrameworksBuildPhase section */

/* Begin PBXGroup section */
		18C60CF4140AAEBDE00A3863 /* Pods */ = {
			isa = PBXGroup;
			children = (
				A5145EC0D2F396CEDC3D1CE7 /* Pods-Blobjot.debug.xcconfig */,
				ECCEA997791A35BA1BCB3413 /* Pods-Blobjot.release.xcconfig */,
				F21B6FE74C2C324EDC05B21F /* Pods-BlobjotTests.debug.xcconfig */,
				6D9D1A9C9D6614F904B32B05 /* Pods-BlobjotTests.release.xcconfig */,
				BF3D7EAE5506D94FE1CC92A9 /* Pods-BlobjotUITests.debug.xcconfig */,
				2B56171CD8E7CA54A66EC916 /* Pods-BlobjotUITests.release.xcconfig */,
			);
			name = Pods;
			sourceTree = "<group>";
		};
		6F1AB3F65E4AA20F908C657D /* Frameworks */ = {
			isa = PBXGroup;
			children = (
				BCF8CA5237DDB608651A853C /* Pods_Blobjot.framework */,
				A65710BDE54CC40AE1E01696 /* Pods_BlobjotTests.framework */,
				7AF6995A3720833401AD08F9 /* Pods_BlobjotUITests.framework */,
				B88884071D52DFD7001EE249 /* Bolts.framework */,
				B88884011D52D824001EE249 /* FBSDKCoreKit.framework */,
				B88883FF1D52D824001EE249 /* FBSDKLoginKit.framework */,
				B88884001D52D824001EE249 /* FBSDKShareKit.framework */,
			);
			name = Frameworks;
			sourceTree = "<group>";
		};
		B80C56571D5116CD00C4E683 /* Assets */ = {
			isa = PBXGroup;
			children = (
				B881319C1D510EEE00021C4B /* Assets.xcassets */,
				B86407001D75BAE50084D6EF /* circle-small.png */,
				B80C565C1D5117C800C4E683 /* Default-568h@2x.png */,
				B80C56581D5116E000C4E683 /* defaultMedia.png */,
				B80C56591D5116E000C4E683 /* logo.png */,
				B8541B641DB5C6EF00867D82 /* MV_add_icon-white.png */,
				B824214F1DA5DEE400827557 /* MV_add_icon.png */,
				B8541B651DB5C6EF00867D82 /* MV_list_icon-white.png */,
				B82421501DA5DEE400827557 /* MV_list_icon.png */,
				B8541B661DB5C6EF00867D82 /* MV_location_icon-white.png */,
				B82421511DA5DEE400827557 /* MV_location_icon.png */,
				B8541B681DB5C6EF00867D82 /* MV_profile_icon-white.png */,
				B82421521DA5DEE400827557 /* MV_profile_icon.png */,
				B8541B691DB5C6EF00867D82 /* MV_refresh_icon_large-white.png */,
				B8541B6A1DB5C6EF00867D82 /* MV_refresh_icon-white.png */,
				B82421531DA5DEE400827557 /* MV_refresh_icon.png */,
				B8541B671DB5C6EF00867D82 /* MV_search_icon-white.png */,
				B82421541DA5DEE400827557 /* MV_search_icon.png */,
				B8A729311D64064800FD6E0A /* star_clear.png */,
				B8A729301D64064800FD6E0A /* star_yellow.png */,
				B86406FC1D71BDCD0084D6EF /* white.png */,
			);
			name = Assets;
			path = Blobjot;
			sourceTree = "<group>";
		};
		B80C565E1D51599E00C4E683 /* Resources */ = {
			isa = PBXGroup;
			children = (
				B80C56321D5112C100C4E683 /* Houston-Downtown.gpx */,
				B88DFD891DBE9F9200255BA5 /* Houston-Downtown2.gpx */,
				B80A84441D5AD2E1003943C3 /* Sugar_Land-Trailbrook_Front.gpx */,
				B80D17781D9712C50032B0D8 /* style.json */,
			);
			name = Resources;
			sourceTree = "<group>";
		};
		B80C565F1D5159D300C4E683 /* Settings */ = {
			isa = PBXGroup;
			children = (
				B80D17731D8DE21A0032B0D8 /* Blobjot.entitlements */,
				B86407061D7B13EB0084D6EF /* DataModel.xcdatamodeld */,
				B88131A11D510EEE00021C4B /* Info.plist */,
			);
			name = Settings;
			sourceTree = "<group>";
		};
		B88131861D510EEE00021C4B = {
			isa = PBXGroup;
			children = (
				B80C56571D5116CD00C4E683 /* Assets */,
				B88131911D510EEE00021C4B /* Blobjot */,
				B88131A91D510EEF00021C4B /* BlobjotTests */,
				B88131B41D510EEF00021C4B /* BlobjotUITests */,
				6F1AB3F65E4AA20F908C657D /* Frameworks */,
				18C60CF4140AAEBDE00A3863 /* Pods */,
				B88131901D510EEE00021C4B /* Products */,
				B80C565E1D51599E00C4E683 /* Resources */,
				B80C565F1D5159D300C4E683 /* Settings */,
				B8312FCC1DB3D9AE00CFC715 /* Blobjot-Bridging-Header.h */,
				B8312FCD1DB3D9AF00CFC715 /* BlobjotTests-Bridging-Header.h */,
				B8312FCE1DB3D9AF00CFC715 /* BlobjotUITests-Bridging-Header.h */,
			);
			sourceTree = "<group>";
		};
		B88131901D510EEE00021C4B /* Products */ = {
			isa = PBXGroup;
			children = (
				B881318F1D510EEE00021C4B /* Blobjot.app */,
				B88131A61D510EEF00021C4B /* Blobjot.xctest */,
				B88131B11D510EEF00021C4B /* Blobjot.xctest */,
			);
			name = Products;
			sourceTree = "<group>";
		};
		B88131911D510EEE00021C4B /* Blobjot */ = {
			isa = PBXGroup;
			children = (
				B80C56411D51158000C4E683 /* AccountTableViewCell.swift */,
				B80C56421D51158000C4E683 /* AccountViewController.swift */,
				B88131921D510EEE00021C4B /* AppDelegate.swift */,
				B80D17761D922FF20032B0D8 /* AWSClasses.swift */,
				B80C56301D51126800C4E683 /* Blob.swift */,
				B80C56391D51158000C4E683 /* BlobAddMediaViewController.swift */,
				B80C563A1D51158000C4E683 /* BlobAddPeopleTableViewCell.swift */,
				B80C563B1D51158000C4E683 /* BlobAddPeopleViewController.swift */,
				B80C563C1D51158000C4E683 /* BlobAddTextViewController.swift */,
				B80C563D1D51158000C4E683 /* BlobAddTypeViewController.swift */,
				B80C563E1D51158000C4E683 /* BlobAddViewController.swift */,
				B8541B741DBBD0B500867D82 /* BlobComment.swift */,
				B864070A1D7B14A40084D6EF /* BlobNotification.swift */,
				B86407091D7B14A40084D6EF /* BlobNotifications+CoreDataProperties.swift */,
				B80C563F1D51158000C4E683 /* BlobsActiveTableViewCell.swift */,
				B80C56401D51158000C4E683 /* BlobsActiveTableViewController.swift */,
				B81822061D5B98F300B3A2BB /* BlobThumbnailObject.swift */,
				B88DFD871DBD50DF00255BA5 /* BlobTableViewCell.swift */,
				B80C56431D51158000C4E683 /* BlobViewController.swift */,
				B80C56371D51158000C4E683 /* ConnectionsTableViewCell.swift */,
				B80C56381D51158000C4E683 /* ConnectionsViewController.swift */,
				B80C56331D5112F100C4E683 /* Constants.swift */,
				B864070C1D7B14A40084D6EF /* CurrentUser.swift */,
				B864070B1D7B14A40084D6EF /* CurrentUser+CoreDataProperties.swift */,
				B8541B721DB7D48D00867D82 /* CustomClasses.swift */,
				B85FDE881D7DC2BA002A8FC7 /* CustomIdentityProvider.swift */,
				B86407041D7B0E710084D6EF /* DataController.swift */,
				B8C8C59C1D57544C004D773E /* Extensions.swift */,
				B80C56441D51158000C4E683 /* LocationEventsCollectionViewCell.swift */,
				B8312FD91DB3DA8700CFC715 /* LocationManagerSetting.swift */,
				B8312FDD1DB3DACB00CFC715 /* LocationManagerSetting+CoreDataProperties.swift */,
				B80D17741D90E1C90032B0D8 /* LoginViewController.swift */,
				B80C56351D5113B900C4E683 /* MapViewController.swift */,
				B80C56451D51158000C4E683 /* PeopleTableViewCell.swift */,
				B80C56461D51158000C4E683 /* PeopleViewController.swift */,
				B86406FE1D74AD7F0084D6EF /* SearchViewController.swift */,
				B80C56601D5183B100C4E683 /* User.swift */,
				B80D177A1D98A5760032B0D8 /* UtilityFunctions.swift */,
			);
			path = Blobjot;
			sourceTree = "<group>";
		};
		B88131A91D510EEF00021C4B /* BlobjotTests */ = {
			isa = PBXGroup;
			children = (
				B88131AA1D510EEF00021C4B /* BlobjotTests.swift */,
				B88131AC1D510EEF00021C4B /* Info.plist */,
			);
			path = BlobjotTests;
			sourceTree = "<group>";
		};
		B88131B41D510EEF00021C4B /* BlobjotUITests */ = {
			isa = PBXGroup;
			children = (
				B88131B51D510EEF00021C4B /* BlobjotUITests.swift */,
				B88131B71D510EEF00021C4B /* Info.plist */,
			);
			path = BlobjotUITests;
			sourceTree = "<group>";
		};
/* End PBXGroup section */

/* Begin PBXNativeTarget section */
		B881318E1D510EEE00021C4B /* Blobjot */ = {
			isa = PBXNativeTarget;
			buildConfigurationList = B88131BA1D510EEF00021C4B /* Build configuration list for PBXNativeTarget "Blobjot" */;
			buildPhases = (
				0C2A16B6531C3AD21A3CA5E1 /* [CP] Check Pods Manifest.lock */,
				B881318B1D510EEE00021C4B /* Sources */,
				B881318C1D510EEE00021C4B /* Frameworks */,
				B881318D1D510EEE00021C4B /* Resources */,
				219D0201CBA3A776DF6FC221 /* [CP] Embed Pods Frameworks */,
				2B651EFB15F8B990E4E437D6 /* [CP] Copy Pods Resources */,
				B88884161D535DE6001EE249 /* Embed Frameworks */,
			);
			buildRules = (
			);
			dependencies = (
			);
			name = Blobjot;
			productName = Blobjot;
			productReference = B881318F1D510EEE00021C4B /* Blobjot.app */;
			productType = "com.apple.product-type.application";
		};
		B88131A51D510EEF00021C4B /* BlobjotTests */ = {
			isa = PBXNativeTarget;
			buildConfigurationList = B88131BD1D510EEF00021C4B /* Build configuration list for PBXNativeTarget "BlobjotTests" */;
			buildPhases = (
				E82F5F57AFB3A5BDCEE7F6EA /* [CP] Check Pods Manifest.lock */,
				B88131A21D510EEF00021C4B /* Sources */,
				B88131A31D510EEF00021C4B /* Frameworks */,
				B88131A41D510EEF00021C4B /* Resources */,
				C2F4E75117944F37AB7111BF /* [CP] Embed Pods Frameworks */,
				2B636EE801FF1F35F08CECC0 /* [CP] Copy Pods Resources */,
			);
			buildRules = (
			);
			dependencies = (
				B88131A81D510EEF00021C4B /* PBXTargetDependency */,
			);
			name = BlobjotTests;
			productName = BlobjotTests;
			productReference = B88131A61D510EEF00021C4B /* Blobjot.xctest */;
			productType = "com.apple.product-type.bundle.unit-test";
		};
		B88131B01D510EEF00021C4B /* BlobjotUITests */ = {
			isa = PBXNativeTarget;
			buildConfigurationList = B88131C01D510EEF00021C4B /* Build configuration list for PBXNativeTarget "BlobjotUITests" */;
			buildPhases = (
				8AD2357A3458572C20BF350D /* [CP] Check Pods Manifest.lock */,
				B88131AD1D510EEF00021C4B /* Sources */,
				B88131AE1D510EEF00021C4B /* Frameworks */,
				B88131AF1D510EEF00021C4B /* Resources */,
				2F6A66A46FD8686C05B27917 /* [CP] Copy Pods Resources */,
			);
			buildRules = (
			);
			dependencies = (
				B88131B31D510EEF00021C4B /* PBXTargetDependency */,
			);
			name = BlobjotUITests;
			productName = BlobjotUITests;
			productReference = B88131B11D510EEF00021C4B /* Blobjot.xctest */;
			productType = "com.apple.product-type.bundle.ui-testing";
		};
/* End PBXNativeTarget section */

/* Begin PBXProject section */
		B88131871D510EEE00021C4B /* Project object */ = {
			isa = PBXProject;
			attributes = {
				LastSwiftUpdateCheck = 0730;
				LastUpgradeCheck = 0800;
				ORGANIZATIONNAME = blobjot;
				TargetAttributes = {
					B881318E1D510EEE00021C4B = {
						CreatedOnToolsVersion = 7.3.1;
						DevelopmentTeam = 72XSPM3WLQ;
						LastSwiftMigration = 0800;
						SystemCapabilities = {
							com.apple.Keychain = {
								enabled = 1;
							};
							com.apple.Push = {
								enabled = 1;
							};
						};
					};
					B88131A51D510EEF00021C4B = {
						CreatedOnToolsVersion = 7.3.1;
						LastSwiftMigration = 0800;
						TestTargetID = B881318E1D510EEE00021C4B;
					};
					B88131B01D510EEF00021C4B = {
						CreatedOnToolsVersion = 7.3.1;
						LastSwiftMigration = 0800;
						TestTargetID = B881318E1D510EEE00021C4B;
					};
				};
			};
			buildConfigurationList = B881318A1D510EEE00021C4B /* Build configuration list for PBXProject "Blobjot" */;
			compatibilityVersion = "Xcode 3.2";
			developmentRegion = English;
			hasScannedForEncodings = 0;
			knownRegions = (
				en,
				Base,
			);
			mainGroup = B88131861D510EEE00021C4B;
			productRefGroup = B88131901D510EEE00021C4B /* Products */;
			projectDirPath = "";
			projectRoot = "";
			targets = (
				B881318E1D510EEE00021C4B /* Blobjot */,
				B88131A51D510EEF00021C4B /* BlobjotTests */,
				B88131B01D510EEF00021C4B /* BlobjotUITests */,
			);
		};
/* End PBXProject section */

/* Begin PBXResourcesBuildPhase section */
		B881318D1D510EEE00021C4B /* Resources */ = {
			isa = PBXResourcesBuildPhase;
			buildActionMask = 2147483647;
			files = (
				B8541B6E1DB5C6EF00867D82 /* MV_search_icon-white.png in Resources */,
				B88DFD8A1DBE9F9200255BA5 /* Houston-Downtown2.gpx in Resources */,
				B80C565A1D5116E000C4E683 /* defaultMedia.png in Resources */,
				B80A84451D5AD2E2003943C3 /* Sugar_Land-Trailbrook_Front.gpx in Resources */,
				B8A729331D64064800FD6E0A /* star_clear.png in Resources */,
				B80D17791D9712C60032B0D8 /* style.json in Resources */,
				B8541B711DB5C6EF00867D82 /* MV_refresh_icon-white.png in Resources */,
				B80C565D1D5117C800C4E683 /* Default-568h@2x.png in Resources */,
				B824215A1DA5DEE400827557 /* MV_search_icon.png in Resources */,
				B82421581DA5DEE400827557 /* MV_profile_icon.png in Resources */,
				B82421571DA5DEE400827557 /* MV_location_icon.png in Resources */,
				B82421561DA5DEE400827557 /* MV_list_icon.png in Resources */,
				B8541B6C1DB5C6EF00867D82 /* MV_list_icon-white.png in Resources */,
				B8A729321D64064800FD6E0A /* star_yellow.png in Resources */,
				B82421551DA5DEE400827557 /* MV_add_icon.png in Resources */,
				B86406FD1D71BDCD0084D6EF /* white.png in Resources */,
				B82421591DA5DEE400827557 /* MV_refresh_icon.png in Resources */,
				B80C565B1D5116E000C4E683 /* logo.png in Resources */,
				B8541B6F1DB5C6EF00867D82 /* MV_profile_icon-white.png in Resources */,
				B8541B701DB5C6EF00867D82 /* MV_refresh_icon_large-white.png in Resources */,
				B8541B6B1DB5C6EF00867D82 /* MV_add_icon-white.png in Resources */,
				B881319D1D510EEE00021C4B /* Assets.xcassets in Resources */,
				B86407011D75BAE50084D6EF /* circle-small.png in Resources */,
				B8541B6D1DB5C6EF00867D82 /* MV_location_icon-white.png in Resources */,
			);
			runOnlyForDeploymentPostprocessing = 0;
		};
		B88131A41D510EEF00021C4B /* Resources */ = {
			isa = PBXResourcesBuildPhase;
			buildActionMask = 2147483647;
			files = (
			);
			runOnlyForDeploymentPostprocessing = 0;
		};
		B88131AF1D510EEF00021C4B /* Resources */ = {
			isa = PBXResourcesBuildPhase;
			buildActionMask = 2147483647;
			files = (
			);
			runOnlyForDeploymentPostprocessing = 0;
		};
/* End PBXResourcesBuildPhase section */

/* Begin PBXShellScriptBuildPhase section */
		0C2A16B6531C3AD21A3CA5E1 /* [CP] Check Pods Manifest.lock */ = {
			isa = PBXShellScriptBuildPhase;
			buildActionMask = 2147483647;
			files = (
			);
			inputPaths = (
			);
			name = "[CP] Check Pods Manifest.lock";
			outputPaths = (
			);
			runOnlyForDeploymentPostprocessing = 0;
			shellPath = /bin/sh;
			shellScript = "diff \"${PODS_ROOT}/../Podfile.lock\" \"${PODS_ROOT}/Manifest.lock\" > /dev/null\nif [[ $? != 0 ]] ; then\n    cat << EOM\nerror: The sandbox is not in sync with the Podfile.lock. Run 'pod install' or update your CocoaPods installation.\nEOM\n    exit 1\nfi\n";
			showEnvVarsInLog = 0;
		};
		219D0201CBA3A776DF6FC221 /* [CP] Embed Pods Frameworks */ = {
			isa = PBXShellScriptBuildPhase;
			buildActionMask = 2147483647;
			files = (
			);
			inputPaths = (
			);
			name = "[CP] Embed Pods Frameworks";
			outputPaths = (
			);
			runOnlyForDeploymentPostprocessing = 0;
			shellPath = /bin/sh;
			shellScript = "\"${SRCROOT}/Pods/Target Support Files/Pods-Blobjot/Pods-Blobjot-frameworks.sh\"\n";
			showEnvVarsInLog = 0;
		};
		2B636EE801FF1F35F08CECC0 /* [CP] Copy Pods Resources */ = {
			isa = PBXShellScriptBuildPhase;
			buildActionMask = 2147483647;
			files = (
			);
			inputPaths = (
			);
			name = "[CP] Copy Pods Resources";
			outputPaths = (
			);
			runOnlyForDeploymentPostprocessing = 0;
			shellPath = /bin/sh;
			shellScript = "\"${SRCROOT}/Pods/Target Support Files/Pods-BlobjotTests/Pods-BlobjotTests-resources.sh\"\n";
			showEnvVarsInLog = 0;
		};
		2B651EFB15F8B990E4E437D6 /* [CP] Copy Pods Resources */ = {
			isa = PBXShellScriptBuildPhase;
			buildActionMask = 2147483647;
			files = (
			);
			inputPaths = (
			);
			name = "[CP] Copy Pods Resources";
			outputPaths = (
			);
			runOnlyForDeploymentPostprocessing = 0;
			shellPath = /bin/sh;
			shellScript = "\"${SRCROOT}/Pods/Target Support Files/Pods-Blobjot/Pods-Blobjot-resources.sh\"\n";
			showEnvVarsInLog = 0;
		};
		2F6A66A46FD8686C05B27917 /* [CP] Copy Pods Resources */ = {
			isa = PBXShellScriptBuildPhase;
			buildActionMask = 2147483647;
			files = (
			);
			inputPaths = (
			);
			name = "[CP] Copy Pods Resources";
			outputPaths = (
			);
			runOnlyForDeploymentPostprocessing = 0;
			shellPath = /bin/sh;
			shellScript = "\"${SRCROOT}/Pods/Target Support Files/Pods-BlobjotUITests/Pods-BlobjotUITests-resources.sh\"\n";
			showEnvVarsInLog = 0;
		};
		8AD2357A3458572C20BF350D /* [CP] Check Pods Manifest.lock */ = {
			isa = PBXShellScriptBuildPhase;
			buildActionMask = 2147483647;
			files = (
			);
			inputPaths = (
			);
			name = "[CP] Check Pods Manifest.lock";
			outputPaths = (
			);
			runOnlyForDeploymentPostprocessing = 0;
			shellPath = /bin/sh;
			shellScript = "diff \"${PODS_ROOT}/../Podfile.lock\" \"${PODS_ROOT}/Manifest.lock\" > /dev/null\nif [[ $? != 0 ]] ; then\n    cat << EOM\nerror: The sandbox is not in sync with the Podfile.lock. Run 'pod install' or update your CocoaPods installation.\nEOM\n    exit 1\nfi\n";
			showEnvVarsInLog = 0;
		};
		C2F4E75117944F37AB7111BF /* [CP] Embed Pods Frameworks */ = {
			isa = PBXShellScriptBuildPhase;
			buildActionMask = 2147483647;
			files = (
			);
			inputPaths = (
			);
			name = "[CP] Embed Pods Frameworks";
			outputPaths = (
			);
			runOnlyForDeploymentPostprocessing = 0;
			shellPath = /bin/sh;
			shellScript = "\"${SRCROOT}/Pods/Target Support Files/Pods-BlobjotTests/Pods-BlobjotTests-frameworks.sh\"\n";
			showEnvVarsInLog = 0;
		};
		E82F5F57AFB3A5BDCEE7F6EA /* [CP] Check Pods Manifest.lock */ = {
			isa = PBXShellScriptBuildPhase;
			buildActionMask = 2147483647;
			files = (
			);
			inputPaths = (
			);
			name = "[CP] Check Pods Manifest.lock";
			outputPaths = (
			);
			runOnlyForDeploymentPostprocessing = 0;
			shellPath = /bin/sh;
			shellScript = "diff \"${PODS_ROOT}/../Podfile.lock\" \"${PODS_ROOT}/Manifest.lock\" > /dev/null\nif [[ $? != 0 ]] ; then\n    cat << EOM\nerror: The sandbox is not in sync with the Podfile.lock. Run 'pod install' or update your CocoaPods installation.\nEOM\n    exit 1\nfi\n";
			showEnvVarsInLog = 0;
		};
/* End PBXShellScriptBuildPhase section */

/* Begin PBXSourcesBuildPhase section */
		B881318B1D510EEE00021C4B /* Sources */ = {
			isa = PBXSourcesBuildPhase;
			buildActionMask = 2147483647;
			files = (
				B8541B751DBBD0B900867D82 /* BlobComment.swift in Sources */,
				B864070F1D7B14A40084D6EF /* CurrentUser+CoreDataProperties.swift in Sources */,
				B8C8C59D1D57544C004D773E /* Extensions.swift in Sources */,
				B80C56551D51158000C4E683 /* PeopleTableViewCell.swift in Sources */,
				B8312FDE1DB3DACB00CFC715 /* LocationManagerSetting+CoreDataProperties.swift in Sources */,
				B86407101D7B14A40084D6EF /* CurrentUser.swift in Sources */,
				B80D17771D922FF20032B0D8 /* AWSClasses.swift in Sources */,
				B864070E1D7B14A40084D6EF /* BlobNotification.swift in Sources */,
				B80C56341D5112F100C4E683 /* Constants.swift in Sources */,
				B85FDE891D7DC2BA002A8FC7 /* CustomIdentityProvider.swift in Sources */,
				B86407051D7B0E720084D6EF /* DataController.swift in Sources */,
				B80C56361D5113B900C4E683 /* MapViewController.swift in Sources */,
				B80C56481D51158000C4E683 /* ConnectionsViewController.swift in Sources */,
				B80C56531D51158000C4E683 /* BlobViewController.swift in Sources */,
				B80D177B1D98A5760032B0D8 /* UtilityFunctions.swift in Sources */,
				B80C56311D51126800C4E683 /* Blob.swift in Sources */,
				B80C564B1D51158000C4E683 /* BlobAddPeopleViewController.swift in Sources */,
				B80C56491D51158000C4E683 /* BlobAddMediaViewController.swift in Sources */,
				B80C56561D51158000C4E683 /* PeopleViewController.swift in Sources */,
				B80C56501D51158000C4E683 /* BlobsActiveTableViewController.swift in Sources */,
				B80C56611D5183B100C4E683 /* User.swift in Sources */,
				B80C56541D51158000C4E683 /* LocationEventsCollectionViewCell.swift in Sources */,
				B80C56471D51158000C4E683 /* ConnectionsTableViewCell.swift in Sources */,
				B80C564D1D51158000C4E683 /* BlobAddTypeViewController.swift in Sources */,
				B80D17751D90E1C90032B0D8 /* LoginViewController.swift in Sources */,
				B86406FF1D74AD800084D6EF /* SearchViewController.swift in Sources */,
				B80C564C1D51158000C4E683 /* BlobAddTextViewController.swift in Sources */,
				B80C56511D51158000C4E683 /* AccountTableViewCell.swift in Sources */,
				B80C564F1D51158000C4E683 /* BlobsActiveTableViewCell.swift in Sources */,
				B864070D1D7B14A40084D6EF /* BlobNotifications+CoreDataProperties.swift in Sources */,
				B80C56521D51158000C4E683 /* AccountViewController.swift in Sources */,
				B88131931D510EEE00021C4B /* AppDelegate.swift in Sources */,
				B88DFD881DBD50DF00255BA5 /* BlobTableViewCell.swift in Sources */,
				B8312FDA1DB3DA8700CFC715 /* LocationManagerSetting.swift in Sources */,
				B80C564A1D51158000C4E683 /* BlobAddPeopleTableViewCell.swift in Sources */,
				B86407081D7B13EB0084D6EF /* DataModel.xcdatamodeld in Sources */,
				B81822071D5B98F300B3A2BB /* BlobThumbnailObject.swift in Sources */,
				B80C564E1D51158000C4E683 /* BlobAddViewController.swift in Sources */,
				B8541B731DB7D49000867D82 /* CustomClasses.swift in Sources */,
			);
			runOnlyForDeploymentPostprocessing = 0;
		};
		B88131A21D510EEF00021C4B /* Sources */ = {
			isa = PBXSourcesBuildPhase;
			buildActionMask = 2147483647;
			files = (
				B8312FDF1DB3DACB00CFC715 /* LocationManagerSetting+CoreDataProperties.swift in Sources */,
				B88131AB1D510EEF00021C4B /* BlobjotTests.swift in Sources */,
				B8312FDB1DB3DA8700CFC715 /* LocationManagerSetting.swift in Sources */,
			);
			runOnlyForDeploymentPostprocessing = 0;
		};
		B88131AD1D510EEF00021C4B /* Sources */ = {
			isa = PBXSourcesBuildPhase;
			buildActionMask = 2147483647;
			files = (
				B8312FE01DB3DACB00CFC715 /* LocationManagerSetting+CoreDataProperties.swift in Sources */,
				B88131B61D510EEF00021C4B /* BlobjotUITests.swift in Sources */,
				B8312FDC1DB3DA8700CFC715 /* LocationManagerSetting.swift in Sources */,
			);
			runOnlyForDeploymentPostprocessing = 0;
		};
/* End PBXSourcesBuildPhase section */

/* Begin PBXTargetDependency section */
		B88131A81D510EEF00021C4B /* PBXTargetDependency */ = {
			isa = PBXTargetDependency;
			target = B881318E1D510EEE00021C4B /* Blobjot */;
			targetProxy = B88131A71D510EEF00021C4B /* PBXContainerItemProxy */;
		};
		B88131B31D510EEF00021C4B /* PBXTargetDependency */ = {
			isa = PBXTargetDependency;
			target = B881318E1D510EEE00021C4B /* Blobjot */;
			targetProxy = B88131B21D510EEF00021C4B /* PBXContainerItemProxy */;
		};
/* End PBXTargetDependency section */

/* Begin XCBuildConfiguration section */
		B88131B81D510EEF00021C4B /* Debug */ = {
			isa = XCBuildConfiguration;
			buildSettings = {
				ALWAYS_SEARCH_USER_PATHS = NO;
				CLANG_ANALYZER_NONNULL = YES;
				CLANG_CXX_LANGUAGE_STANDARD = "gnu++0x";
				CLANG_CXX_LIBRARY = "libc++";
				CLANG_ENABLE_MODULES = YES;
				CLANG_ENABLE_OBJC_ARC = YES;
				CLANG_WARN_BOOL_CONVERSION = YES;
				CLANG_WARN_CONSTANT_CONVERSION = YES;
				CLANG_WARN_DIRECT_OBJC_ISA_USAGE = YES_ERROR;
				CLANG_WARN_EMPTY_BODY = YES;
				CLANG_WARN_ENUM_CONVERSION = YES;
				CLANG_WARN_INFINITE_RECURSION = YES;
				CLANG_WARN_INT_CONVERSION = YES;
				CLANG_WARN_OBJC_ROOT_CLASS = YES_ERROR;
				CLANG_WARN_SUSPICIOUS_MOVE = YES;
				CLANG_WARN_UNREACHABLE_CODE = YES;
				CLANG_WARN__DUPLICATE_METHOD_MATCH = YES;
				CODE_SIGN_IDENTITY = "iPhone Developer: Sean Hart (LMW994B3US)";
				"CODE_SIGN_IDENTITY[sdk=iphoneos*]" = "iPhone Developer: Sean Hart (LMW994B3US)";
				COPY_PHASE_STRIP = NO;
				DEBUG_INFORMATION_FORMAT = dwarf;
				ENABLE_STRICT_OBJC_MSGSEND = YES;
				ENABLE_TESTABILITY = YES;
				GCC_C_LANGUAGE_STANDARD = gnu99;
				GCC_DYNAMIC_NO_PIC = NO;
				GCC_NO_COMMON_BLOCKS = YES;
				GCC_OPTIMIZATION_LEVEL = 0;
				GCC_PREPROCESSOR_DEFINITIONS = (
					"DEBUG=1",
					"$(inherited)",
				);
				GCC_WARN_64_TO_32_BIT_CONVERSION = YES;
				GCC_WARN_ABOUT_RETURN_TYPE = YES_ERROR;
				GCC_WARN_UNDECLARED_SELECTOR = YES;
				GCC_WARN_UNINITIALIZED_AUTOS = YES_AGGRESSIVE;
				GCC_WARN_UNUSED_FUNCTION = YES;
				GCC_WARN_UNUSED_VARIABLE = YES;
				IPHONEOS_DEPLOYMENT_TARGET = 9.3;
				MTL_ENABLE_DEBUG_INFO = YES;
				ONLY_ACTIVE_ARCH = YES;
				PROVISIONING_PROFILE = "658936ba-0b89-42aa-a9d5-7948098ef7d3";
				SDKROOT = iphoneos;
				SWIFT_OPTIMIZATION_LEVEL = "-Onone";
				TARGETED_DEVICE_FAMILY = "1,2";
			};
			name = Debug;
		};
		B88131B91D510EEF00021C4B /* Release */ = {
			isa = XCBuildConfiguration;
			buildSettings = {
				ALWAYS_SEARCH_USER_PATHS = NO;
				CLANG_ANALYZER_NONNULL = YES;
				CLANG_CXX_LANGUAGE_STANDARD = "gnu++0x";
				CLANG_CXX_LIBRARY = "libc++";
				CLANG_ENABLE_MODULES = YES;
				CLANG_ENABLE_OBJC_ARC = YES;
				CLANG_WARN_BOOL_CONVERSION = YES;
				CLANG_WARN_CONSTANT_CONVERSION = YES;
				CLANG_WARN_DIRECT_OBJC_ISA_USAGE = YES_ERROR;
				CLANG_WARN_EMPTY_BODY = YES;
				CLANG_WARN_ENUM_CONVERSION = YES;
				CLANG_WARN_INFINITE_RECURSION = YES;
				CLANG_WARN_INT_CONVERSION = YES;
				CLANG_WARN_OBJC_ROOT_CLASS = YES_ERROR;
				CLANG_WARN_SUSPICIOUS_MOVE = YES;
				CLANG_WARN_UNREACHABLE_CODE = YES;
				CLANG_WARN__DUPLICATE_METHOD_MATCH = YES;
				CODE_SIGN_IDENTITY = "iPhone Developer: Sean Hart (LMW994B3US)";
				"CODE_SIGN_IDENTITY[sdk=iphoneos*]" = "iPhone Developer: Sean Hart (LMW994B3US)";
				COPY_PHASE_STRIP = NO;
				DEBUG_INFORMATION_FORMAT = "dwarf-with-dsym";
				ENABLE_NS_ASSERTIONS = NO;
				ENABLE_STRICT_OBJC_MSGSEND = YES;
				GCC_C_LANGUAGE_STANDARD = gnu99;
				GCC_NO_COMMON_BLOCKS = YES;
				GCC_WARN_64_TO_32_BIT_CONVERSION = YES;
				GCC_WARN_ABOUT_RETURN_TYPE = YES_ERROR;
				GCC_WARN_UNDECLARED_SELECTOR = YES;
				GCC_WARN_UNINITIALIZED_AUTOS = YES_AGGRESSIVE;
				GCC_WARN_UNUSED_FUNCTION = YES;
				GCC_WARN_UNUSED_VARIABLE = YES;
				IPHONEOS_DEPLOYMENT_TARGET = 9.3;
				MTL_ENABLE_DEBUG_INFO = NO;
				PROVISIONING_PROFILE = "658936ba-0b89-42aa-a9d5-7948098ef7d3";
				SDKROOT = iphoneos;
				SWIFT_OPTIMIZATION_LEVEL = "-Owholemodule";
				TARGETED_DEVICE_FAMILY = "1,2";
				VALIDATE_PRODUCT = YES;
			};
			name = Release;
		};
		B88131BB1D510EEF00021C4B /* Debug */ = {
			isa = XCBuildConfiguration;
			baseConfigurationReference = A5145EC0D2F396CEDC3D1CE7 /* Pods-Blobjot.debug.xcconfig */;
			buildSettings = {
				ASSETCATALOG_COMPILER_APPICON_NAME = AppIcon;
				CLANG_ENABLE_MODULES = YES;
				CODE_SIGN_ENTITLEMENTS = Blobjot/Blobjot.entitlements;
				CODE_SIGN_IDENTITY = "iPhone Developer: Sean Hart (LMW994B3US)";
				DEVELOPMENT_TEAM = 72XSPM3WLQ;
				FRAMEWORK_SEARCH_PATHS = (
					"$(inherited)",
					"$(PROJECT_DIR)",
					"$(PROJECT_DIR)/build/Debug-iphoneos",
				);
				INFOPLIST_FILE = Blobjot/Info.plist;
				LD_RUNPATH_SEARCH_PATHS = "$(inherited) @executable_path/Frameworks";
				PRODUCT_BUNDLE_IDENTIFIER = com.blobjot.Blobjot;
				PRODUCT_NAME = Blobjot;
				PROVISIONING_PROFILE = "658936ba-0b89-42aa-a9d5-7948098ef7d3";
				PROVISIONING_PROFILE_SPECIFIER = "Blobjot-DEV-ProvProfile";
				SWIFT_OBJC_BRIDGING_HEADER = "Blobjot-Bridging-Header.h";
				SWIFT_OPTIMIZATION_LEVEL = "-Onone";
				SWIFT_VERSION = 3.0;
			};
			name = Debug;
		};
		B88131BC1D510EEF00021C4B /* Release */ = {
			isa = XCBuildConfiguration;
			baseConfigurationReference = ECCEA997791A35BA1BCB3413 /* Pods-Blobjot.release.xcconfig */;
			buildSettings = {
				ASSETCATALOG_COMPILER_APPICON_NAME = AppIcon;
				CLANG_ENABLE_MODULES = YES;
				CODE_SIGN_ENTITLEMENTS = Blobjot/Blobjot.entitlements;
				CODE_SIGN_IDENTITY = "iPhone Developer: Sean Hart (LMW994B3US)";
				DEVELOPMENT_TEAM = 72XSPM3WLQ;
				FRAMEWORK_SEARCH_PATHS = (
					"$(inherited)",
					"$(PROJECT_DIR)",
					"$(PROJECT_DIR)/build/Debug-iphoneos",
				);
				INFOPLIST_FILE = Blobjot/Info.plist;
				LD_RUNPATH_SEARCH_PATHS = "$(inherited) @executable_path/Frameworks";
				PRODUCT_BUNDLE_IDENTIFIER = com.blobjot.Blobjot;
				PRODUCT_NAME = Blobjot;
				PROVISIONING_PROFILE = "658936ba-0b89-42aa-a9d5-7948098ef7d3";
				PROVISIONING_PROFILE_SPECIFIER = "Blobjot-DEV-ProvProfile";
				SWIFT_OBJC_BRIDGING_HEADER = "Blobjot-Bridging-Header.h";
				SWIFT_VERSION = 3.0;
			};
			name = Release;
		};
		B88131BE1D510EEF00021C4B /* Debug */ = {
			isa = XCBuildConfiguration;
			baseConfigurationReference = F21B6FE74C2C324EDC05B21F /* Pods-BlobjotTests.debug.xcconfig */;
			buildSettings = {
				BUNDLE_LOADER = "$(TEST_HOST)";
				CLANG_ENABLE_MODULES = YES;
				INFOPLIST_FILE = BlobjotTests/Info.plist;
				LD_RUNPATH_SEARCH_PATHS = "$(inherited) @executable_path/Frameworks @loader_path/Frameworks";
				PRODUCT_BUNDLE_IDENTIFIER = com.blobjot.BlobjotTests;
				PRODUCT_NAME = Blobjot;
				SWIFT_OBJC_BRIDGING_HEADER = "BlobjotTests-Bridging-Header.h";
				SWIFT_OPTIMIZATION_LEVEL = "-Onone";
				SWIFT_VERSION = 3.0;
				TEST_HOST = "$(BUILT_PRODUCTS_DIR)/Blobjot.app/Blobjot";
			};
			name = Debug;
		};
		B88131BF1D510EEF00021C4B /* Release */ = {
			isa = XCBuildConfiguration;
			baseConfigurationReference = 6D9D1A9C9D6614F904B32B05 /* Pods-BlobjotTests.release.xcconfig */;
			buildSettings = {
				BUNDLE_LOADER = "$(TEST_HOST)";
				CLANG_ENABLE_MODULES = YES;
				INFOPLIST_FILE = BlobjotTests/Info.plist;
				LD_RUNPATH_SEARCH_PATHS = "$(inherited) @executable_path/Frameworks @loader_path/Frameworks";
				PRODUCT_BUNDLE_IDENTIFIER = com.blobjot.BlobjotTests;
				PRODUCT_NAME = Blobjot;
				SWIFT_OBJC_BRIDGING_HEADER = "BlobjotTests-Bridging-Header.h";
				SWIFT_VERSION = 3.0;
				TEST_HOST = "$(BUILT_PRODUCTS_DIR)/Blobjot.app/Blobjot";
			};
			name = Release;
		};
		B88131C11D510EEF00021C4B /* Debug */ = {
			isa = XCBuildConfiguration;
			baseConfigurationReference = BF3D7EAE5506D94FE1CC92A9 /* Pods-BlobjotUITests.debug.xcconfig */;
			buildSettings = {
				CLANG_ENABLE_MODULES = YES;
				INFOPLIST_FILE = BlobjotUITests/Info.plist;
				LD_RUNPATH_SEARCH_PATHS = "$(inherited) @executable_path/Frameworks @loader_path/Frameworks";
				PRODUCT_BUNDLE_IDENTIFIER = com.blobjot.BlobjotUITests;
				PRODUCT_NAME = Blobjot;
				SWIFT_OBJC_BRIDGING_HEADER = "BlobjotUITests-Bridging-Header.h";
				SWIFT_OPTIMIZATION_LEVEL = "-Onone";
				SWIFT_VERSION = 3.0;
				TEST_TARGET_NAME = Blobjot;
			};
			name = Debug;
		};
		B88131C21D510EEF00021C4B /* Release */ = {
			isa = XCBuildConfiguration;
			baseConfigurationReference = 2B56171CD8E7CA54A66EC916 /* Pods-BlobjotUITests.release.xcconfig */;
			buildSettings = {
				CLANG_ENABLE_MODULES = YES;
				INFOPLIST_FILE = BlobjotUITests/Info.plist;
				LD_RUNPATH_SEARCH_PATHS = "$(inherited) @executable_path/Frameworks @loader_path/Frameworks";
				PRODUCT_BUNDLE_IDENTIFIER = com.blobjot.BlobjotUITests;
				PRODUCT_NAME = Blobjot;
				SWIFT_OBJC_BRIDGING_HEADER = "BlobjotUITests-Bridging-Header.h";
				SWIFT_VERSION = 3.0;
				TEST_TARGET_NAME = Blobjot;
			};
			name = Release;
		};
/* End XCBuildConfiguration section */

/* Begin XCConfigurationList section */
		B881318A1D510EEE00021C4B /* Build configuration list for PBXProject "Blobjot" */ = {
			isa = XCConfigurationList;
			buildConfigurations = (
				B88131B81D510EEF00021C4B /* Debug */,
				B88131B91D510EEF00021C4B /* Release */,
			);
			defaultConfigurationIsVisible = 0;
			defaultConfigurationName = Release;
		};
		B88131BA1D510EEF00021C4B /* Build configuration list for PBXNativeTarget "Blobjot" */ = {
			isa = XCConfigurationList;
			buildConfigurations = (
				B88131BB1D510EEF00021C4B /* Debug */,
				B88131BC1D510EEF00021C4B /* Release */,
			);
			defaultConfigurationIsVisible = 0;
			defaultConfigurationName = Release;
		};
		B88131BD1D510EEF00021C4B /* Build configuration list for PBXNativeTarget "BlobjotTests" */ = {
			isa = XCConfigurationList;
			buildConfigurations = (
				B88131BE1D510EEF00021C4B /* Debug */,
				B88131BF1D510EEF00021C4B /* Release */,
			);
			defaultConfigurationIsVisible = 0;
			defaultConfigurationName = Release;
		};
		B88131C01D510EEF00021C4B /* Build configuration list for PBXNativeTarget "BlobjotUITests" */ = {
			isa = XCConfigurationList;
			buildConfigurations = (
				B88131C11D510EEF00021C4B /* Debug */,
				B88131C21D510EEF00021C4B /* Release */,
			);
			defaultConfigurationIsVisible = 0;
			defaultConfigurationName = Release;
		};
/* End XCConfigurationList section */

/* Begin XCVersionGroup section */
		B86407061D7B13EB0084D6EF /* DataModel.xcdatamodeld */ = {
			isa = XCVersionGroup;
			children = (
				B86407071D7B13EB0084D6EF /* DataModel.xcdatamodel */,
			);
			currentVersion = B86407071D7B13EB0084D6EF /* DataModel.xcdatamodel */;
			path = DataModel.xcdatamodeld;
			sourceTree = "<group>";
			versionGroupType = wrapper.xcdatamodel;
		};
/* End XCVersionGroup section */
	};
	rootObject = B88131871D510EEE00021C4B /* Project object */;
}
